// !$*UTF8*$!
{
	archiveVersion = 1;
	classes = {
	};
	objectVersion = 55;
	objects = {

/* Begin PBXBuildFile section */
		2D79FCE22726C0A900C2C5AC /* AppDelegate.swift in Sources */ = {isa = PBXBuildFile; fileRef = 2D79FCE12726C0A900C2C5AC /* AppDelegate.swift */; };
		2D79FCE42726C0A900C2C5AC /* SceneDelegate.swift in Sources */ = {isa = PBXBuildFile; fileRef = 2D79FCE32726C0A900C2C5AC /* SceneDelegate.swift */; };
		2D79FCE92726C0A900C2C5AC /* Main.storyboard in Resources */ = {isa = PBXBuildFile; fileRef = 2D79FCE72726C0A900C2C5AC /* Main.storyboard */; };
		2D79FCEB2726C0A900C2C5AC /* Assets.xcassets in Resources */ = {isa = PBXBuildFile; fileRef = 2D79FCEA2726C0A900C2C5AC /* Assets.xcassets */; };
		2D79FCEE2726C0A900C2C5AC /* LaunchScreen.storyboard in Resources */ = {isa = PBXBuildFile; fileRef = 2D79FCEC2726C0A900C2C5AC /* LaunchScreen.storyboard */; };
		2D79FCF92726C0A900C2C5AC /* secondeExampleDay2Tests.swift in Sources */ = {isa = PBXBuildFile; fileRef = 2D79FCF82726C0A900C2C5AC /* secondeExampleDay2Tests.swift */; };
		2D79FD032726C0A900C2C5AC /* secondeExampleDay2UITests.swift in Sources */ = {isa = PBXBuildFile; fileRef = 2D79FD022726C0A900C2C5AC /* secondeExampleDay2UITests.swift */; };
		2D79FD052726C0A900C2C5AC /* secondeExampleDay2UITestsLaunchTests.swift in Sources */ = {isa = PBXBuildFile; fileRef = 2D79FD042726C0A900C2C5AC /* secondeExampleDay2UITestsLaunchTests.swift */; };
		2D854B712727EF40009E1DE8 /* TableViewCell.swift in Sources */ = {isa = PBXBuildFile; fileRef = 2D854B6F2727EF40009E1DE8 /* TableViewCell.swift */; };
		2D854B722727EF40009E1DE8 /* TableViewCell.xib in Resources */ = {isa = PBXBuildFile; fileRef = 2D854B702727EF40009E1DE8 /* TableViewCell.xib */; };
		2D854B752727F0E0009E1DE8 /* BannerTableViewCell.swift in Sources */ = {isa = PBXBuildFile; fileRef = 2D854B732727F0E0009E1DE8 /* BannerTableViewCell.swift */; };
		2D854B762727F0E0009E1DE8 /* BannerTableViewCell.xib in Resources */ = {isa = PBXBuildFile; fileRef = 2D854B742727F0E0009E1DE8 /* BannerTableViewCell.xib */; };
		2D854B782727F8CE009E1DE8 /* TableViewController.swift in Sources */ = {isa = PBXBuildFile; fileRef = 2D854B772727F8CE009E1DE8 /* TableViewController.swift */; };
/* End PBXBuildFile section */

/* Begin PBXContainerItemProxy section */
		2D79FCF52726C0A900C2C5AC /* PBXContainerItemProxy */ = {
			isa = PBXContainerItemProxy;
			containerPortal = 2D79FCD62726C0A900C2C5AC /* Project object */;
			proxyType = 1;
			remoteGlobalIDString = 2D79FCDD2726C0A900C2C5AC;
			remoteInfo = secondeExampleDay2;
		};
		2D79FCFF2726C0A900C2C5AC /* PBXContainerItemProxy */ = {
			isa = PBXContainerItemProxy;
			containerPortal = 2D79FCD62726C0A900C2C5AC /* Project object */;
			proxyType = 1;
			remoteGlobalIDString = 2D79FCDD2726C0A900C2C5AC;
			remoteInfo = secondeExampleDay2;
		};
/* End PBXContainerItemProxy section */

/* Begin PBXFileReference section */
		2D79FCDE2726C0A900C2C5AC /* secondeExampleDay2.app */ = {isa = PBXFileReference; explicitFileType = wrapper.application; includeInIndex = 0; path = secondeExampleDay2.app; sourceTree = BUILT_PRODUCTS_DIR; };
		2D79FCE12726C0A900C2C5AC /* AppDelegate.swift */ = {isa = PBXFileReference; lastKnownFileType = sourcecode.swift; path = AppDelegate.swift; sourceTree = "<group>"; };
		2D79FCE32726C0A900C2C5AC /* SceneDelegate.swift */ = {isa = PBXFileReference; lastKnownFileType = sourcecode.swift; path = SceneDelegate.swift; sourceTree = "<group>"; };
		2D79FCE82726C0A900C2C5AC /* Base */ = {isa = PBXFileReference; lastKnownFileType = file.storyboard; name = Base; path = Base.lproj/Main.storyboard; sourceTree = "<group>"; };
		2D79FCEA2726C0A900C2C5AC /* Assets.xcassets */ = {isa = PBXFileReference; lastKnownFileType = folder.assetcatalog; path = Assets.xcassets; sourceTree = "<group>"; };
		2D79FCED2726C0A900C2C5AC /* Base */ = {isa = PBXFileReference; lastKnownFileType = file.storyboard; name = Base; path = Base.lproj/LaunchScreen.storyboard; sourceTree = "<group>"; };
		2D79FCEF2726C0A900C2C5AC /* Info.plist */ = {isa = PBXFileReference; lastKnownFileType = text.plist.xml; path = Info.plist; sourceTree = "<group>"; };
		2D79FCF42726C0A900C2C5AC /* secondeExampleDay2Tests.xctest */ = {isa = PBXFileReference; explicitFileType = wrapper.cfbundle; includeInIndex = 0; path = secondeExampleDay2Tests.xctest; sourceTree = BUILT_PRODUCTS_DIR; };
		2D79FCF82726C0A900C2C5AC /* secondeExampleDay2Tests.swift */ = {isa = PBXFileReference; lastKnownFileType = sourcecode.swift; path = secondeExampleDay2Tests.swift; sourceTree = "<group>"; };
		2D79FCFE2726C0A900C2C5AC /* secondeExampleDay2UITests.xctest */ = {isa = PBXFileReference; explicitFileType = wrapper.cfbundle; includeInIndex = 0; path = secondeExampleDay2UITests.xctest; sourceTree = BUILT_PRODUCTS_DIR; };
		2D79FD022726C0A900C2C5AC /* secondeExampleDay2UITests.swift */ = {isa = PBXFileReference; lastKnownFileType = sourcecode.swift; path = secondeExampleDay2UITests.swift; sourceTree = "<group>"; };
		2D79FD042726C0A900C2C5AC /* secondeExampleDay2UITestsLaunchTests.swift */ = {isa = PBXFileReference; lastKnownFileType = sourcecode.swift; path = secondeExampleDay2UITestsLaunchTests.swift; sourceTree = "<group>"; };
		2D854B6F2727EF40009E1DE8 /* TableViewCell.swift */ = {isa = PBXFileReference; lastKnownFileType = sourcecode.swift; path = TableViewCell.swift; sourceTree = "<group>"; };
		2D854B702727EF40009E1DE8 /* TableViewCell.xib */ = {isa = PBXFileReference; lastKnownFileType = file.xib; path = TableViewCell.xib; sourceTree = "<group>"; };
		2D854B732727F0E0009E1DE8 /* BannerTableViewCell.swift */ = {isa = PBXFileReference; lastKnownFileType = sourcecode.swift; path = BannerTableViewCell.swift; sourceTree = "<group>"; };
		2D854B742727F0E0009E1DE8 /* BannerTableViewCell.xib */ = {isa = PBXFileReference; lastKnownFileType = file.xib; path = BannerTableViewCell.xib; sourceTree = "<group>"; };
		2D854B772727F8CE009E1DE8 /* TableViewController.swift */ = {isa = PBXFileReference; lastKnownFileType = sourcecode.swift; path = TableViewController.swift; sourceTree = "<group>"; };
/* End PBXFileReference section */

/* Begin PBXFrameworksBuildPhase section */
		2D79FCDB2726C0A900C2C5AC /* Frameworks */ = {
			isa = PBXFrameworksBuildPhase;
			buildActionMask = 2147483647;
			files = (
			);
			runOnlyForDeploymentPostprocessing = 0;
		};
		2D79FCF12726C0A900C2C5AC /* Frameworks */ = {
			isa = PBXFrameworksBuildPhase;
			buildActionMask = 2147483647;
			files = (
			);
			runOnlyForDeploymentPostprocessing = 0;
		};
		2D79FCFB2726C0A900C2C5AC /* Frameworks */ = {
			isa = PBXFrameworksBuildPhase;
			buildActionMask = 2147483647;
			files = (
			);
			runOnlyForDeploymentPostprocessing = 0;
		};
/* End PBXFrameworksBuildPhase section */

/* Begin PBXGroup section */
		2D79FCD52726C0A900C2C5AC = {
			isa = PBXGroup;
			children = (
				2D79FCE02726C0A900C2C5AC /* secondeExampleDay2 */,
				2D79FCF72726C0A900C2C5AC /* secondeExampleDay2Tests */,
				2D79FD012726C0A900C2C5AC /* secondeExampleDay2UITests */,
				2D79FCDF2726C0A900C2C5AC /* Products */,
			);
			sourceTree = "<group>";
		};
		2D79FCDF2726C0A900C2C5AC /* Products */ = {
			isa = PBXGroup;
			children = (
				2D79FCDE2726C0A900C2C5AC /* secondeExampleDay2.app */,
				2D79FCF42726C0A900C2C5AC /* secondeExampleDay2Tests.xctest */,
				2D79FCFE2726C0A900C2C5AC /* secondeExampleDay2UITests.xctest */,
			);
			name = Products;
			sourceTree = "<group>";
		};
		2D79FCE02726C0A900C2C5AC /* secondeExampleDay2 */ = {
			isa = PBXGroup;
			children = (
				2D854B772727F8CE009E1DE8 /* TableViewController.swift */,
				2D79FCE12726C0A900C2C5AC /* AppDelegate.swift */,
				2D79FCE32726C0A900C2C5AC /* SceneDelegate.swift */,
				2D854B732727F0E0009E1DE8 /* BannerTableViewCell.swift */,
				2D854B742727F0E0009E1DE8 /* BannerTableViewCell.xib */,
				2D79FCE72726C0A900C2C5AC /* Main.storyboard */,
				2D79FCEA2726C0A900C2C5AC /* Assets.xcassets */,
				2D79FCEC2726C0A900C2C5AC /* LaunchScreen.storyboard */,
				2D79FCEF2726C0A900C2C5AC /* Info.plist */,
				2D854B6F2727EF40009E1DE8 /* TableViewCell.swift */,
				2D854B702727EF40009E1DE8 /* TableViewCell.xib */,
			);
			path = secondeExampleDay2;
			sourceTree = "<group>";
		};
		2D79FCF72726C0A900C2C5AC /* secondeExampleDay2Tests */ = {
			isa = PBXGroup;
			children = (
				2D79FCF82726C0A900C2C5AC /* secondeExampleDay2Tests.swift */,
			);
			path = secondeExampleDay2Tests;
			sourceTree = "<group>";
		};
		2D79FD012726C0A900C2C5AC /* secondeExampleDay2UITests */ = {
			isa = PBXGroup;
			children = (
				2D79FD022726C0A900C2C5AC /* secondeExampleDay2UITests.swift */,
				2D79FD042726C0A900C2C5AC /* secondeExampleDay2UITestsLaunchTests.swift */,
			);
			path = secondeExampleDay2UITests;
			sourceTree = "<group>";
		};
/* End PBXGroup section */

/* Begin PBXNativeTarget section */
		2D79FCDD2726C0A900C2C5AC /* secondeExampleDay2 */ = {
			isa = PBXNativeTarget;
			buildConfigurationList = 2D79FD082726C0A900C2C5AC /* Build configuration list for PBXNativeTarget "secondeExampleDay2" */;
			buildPhases = (
				2D79FCDA2726C0A900C2C5AC /* Sources */,
				2D79FCDB2726C0A900C2C5AC /* Frameworks */,
				2D79FCDC2726C0A900C2C5AC /* Resources */,
			);
			buildRules = (
			);
			dependencies = (
			);
			name = secondeExampleDay2;
			productName = secondeExampleDay2;
			productReference = 2D79FCDE2726C0A900C2C5AC /* secondeExampleDay2.app */;
			productType = "com.apple.product-type.application";
		};
		2D79FCF32726C0A900C2C5AC /* secondeExampleDay2Tests */ = {
			isa = PBXNativeTarget;
			buildConfigurationList = 2D79FD0B2726C0A900C2C5AC /* Build configuration list for PBXNativeTarget "secondeExampleDay2Tests" */;
			buildPhases = (
				2D79FCF02726C0A900C2C5AC /* Sources */,
				2D79FCF12726C0A900C2C5AC /* Frameworks */,
				2D79FCF22726C0A900C2C5AC /* Resources */,
			);
			buildRules = (
			);
			dependencies = (
				2D79FCF62726C0A900C2C5AC /* PBXTargetDependency */,
			);
			name = secondeExampleDay2Tests;
			productName = secondeExampleDay2Tests;
			productReference = 2D79FCF42726C0A900C2C5AC /* secondeExampleDay2Tests.xctest */;
			productType = "com.apple.product-type.bundle.unit-test";
		};
		2D79FCFD2726C0A900C2C5AC /* secondeExampleDay2UITests */ = {
			isa = PBXNativeTarget;
			buildConfigurationList = 2D79FD0E2726C0A900C2C5AC /* Build configuration list for PBXNativeTarget "secondeExampleDay2UITests" */;
			buildPhases = (
				2D79FCFA2726C0A900C2C5AC /* Sources */,
				2D79FCFB2726C0A900C2C5AC /* Frameworks */,
				2D79FCFC2726C0A900C2C5AC /* Resources */,
			);
			buildRules = (
			);
			dependencies = (
				2D79FD002726C0A900C2C5AC /* PBXTargetDependency */,
			);
			name = secondeExampleDay2UITests;
			productName = secondeExampleDay2UITests;
			productReference = 2D79FCFE2726C0A900C2C5AC /* secondeExampleDay2UITests.xctest */;
			productType = "com.apple.product-type.bundle.ui-testing";
		};
/* End PBXNativeTarget section */

/* Begin PBXProject section */
		2D79FCD62726C0A900C2C5AC /* Project object */ = {
			isa = PBXProject;
			attributes = {
				BuildIndependentTargetsInParallel = 1;
				LastSwiftUpdateCheck = 1300;
				LastUpgradeCheck = 1300;
				TargetAttributes = {
					2D79FCDD2726C0A900C2C5AC = {
						CreatedOnToolsVersion = 13.0;
					};
					2D79FCF32726C0A900C2C5AC = {
						CreatedOnToolsVersion = 13.0;
						TestTargetID = 2D79FCDD2726C0A900C2C5AC;
					};
					2D79FCFD2726C0A900C2C5AC = {
						CreatedOnToolsVersion = 13.0;
						TestTargetID = 2D79FCDD2726C0A900C2C5AC;
					};
				};
			};
			buildConfigurationList = 2D79FCD92726C0A900C2C5AC /* Build configuration list for PBXProject "secondeExampleDay2" */;
			compatibilityVersion = "Xcode 13.0";
			developmentRegion = en;
			hasScannedForEncodings = 0;
			knownRegions = (
				en,
				Base,
			);
			mainGroup = 2D79FCD52726C0A900C2C5AC;
			productRefGroup = 2D79FCDF2726C0A900C2C5AC /* Products */;
			projectDirPath = "";
			projectRoot = "";
			targets = (
				2D79FCDD2726C0A900C2C5AC /* secondeExampleDay2 */,
				2D79FCF32726C0A900C2C5AC /* secondeExampleDay2Tests */,
				2D79FCFD2726C0A900C2C5AC /* secondeExampleDay2UITests */,
			);
		};
/* End PBXProject section */

/* Begin PBXResourcesBuildPhase section */
		2D79FCDC2726C0A900C2C5AC /* Resources */ = {
			isa = PBXResourcesBuildPhase;
			buildActionMask = 2147483647;
			files = (
				2D854B762727F0E0009E1DE8 /* BannerTableViewCell.xib in Resources */,
				2D79FCEE2726C0A900C2C5AC /* LaunchScreen.storyboard in Resources */,
				2D854B722727EF40009E1DE8 /* TableViewCell.xib in Resources */,
				2D79FCEB2726C0A900C2C5AC /* Assets.xcassets in Resources */,
				2D79FCE92726C0A900C2C5AC /* Main.storyboard in Resources */,
			);
			runOnlyForDeploymentPostprocessing = 0;
		};
		2D79FCF22726C0A900C2C5AC /* Resources */ = {
			isa = PBXResourcesBuildPhase;
			buildActionMask = 2147483647;
			files = (
			);
			runOnlyForDeploymentPostprocessing = 0;
		};
		2D79FCFC2726C0A900C2C5AC /* Resources */ = {
			isa = PBXResourcesBuildPhase;
			buildActionMask = 2147483647;
			files = (
			);
			runOnlyForDeploymentPostprocessing = 0;
		};
/* End PBXResourcesBuildPhase section */

/* Begin PBXSourcesBuildPhase section */
		2D79FCDA2726C0A900C2C5AC /* Sources */ = {
			isa = PBXSourcesBuildPhase;
			buildActionMask = 2147483647;
			files = (
				2D854B752727F0E0009E1DE8 /* BannerTableViewCell.swift in Sources */,
				2D854B712727EF40009E1DE8 /* TableViewCell.swift in Sources */,
				2D79FCE22726C0A900C2C5AC /* AppDelegate.swift in Sources */,
				2D854B782727F8CE009E1DE8 /* TableViewController.swift in Sources */,
				2D79FCE42726C0A900C2C5AC /* SceneDelegate.swift in Sources */,
			);
			runOnlyForDeploymentPostprocessing = 0;
		};
		2D79FCF02726C0A900C2C5AC /* Sources */ = {
			isa = PBXSourcesBuildPhase;
			buildActionMask = 2147483647;
			files = (
				2D79FCF92726C0A900C2C5AC /* secondeExampleDay2Tests.swift in Sources */,
			);
			runOnlyForDeploymentPostprocessing = 0;
		};
		2D79FCFA2726C0A900C2C5AC /* Sources */ = {
			isa = PBXSourcesBuildPhase;
			buildActionMask = 2147483647;
			files = (
				2D79FD032726C0A900C2C5AC /* secondeExampleDay2UITests.swift in Sources */,
				2D79FD052726C0A900C2C5AC /* secondeExampleDay2UITestsLaunchTests.swift in Sources */,
			);
			runOnlyForDeploymentPostprocessing = 0;
		};
/* End PBXSourcesBuildPhase section */

/* Begin PBXTargetDependency section */
		2D79FCF62726C0A900C2C5AC /* PBXTargetDependency */ = {
			isa = PBXTargetDependency;
			target = 2D79FCDD2726C0A900C2C5AC /* secondeExampleDay2 */;
			targetProxy = 2D79FCF52726C0A900C2C5AC /* PBXContainerItemProxy */;
		};
		2D79FD002726C0A900C2C5AC /* PBXTargetDependency */ = {
			isa = PBXTargetDependency;
			target = 2D79FCDD2726C0A900C2C5AC /* secondeExampleDay2 */;
			targetProxy = 2D79FCFF2726C0A900C2C5AC /* PBXContainerItemProxy */;
		};
/* End PBXTargetDependency section */

/* Begin PBXVariantGroup section */
		2D79FCE72726C0A900C2C5AC /* Main.storyboard */ = {
			isa = PBXVariantGroup;
			children = (
				2D79FCE82726C0A900C2C5AC /* Base */,
			);
			name = Main.storyboard;
			sourceTree = "<group>";
		};
		2D79FCEC2726C0A900C2C5AC /* LaunchScreen.storyboard */ = {
			isa = PBXVariantGroup;
			children = (
				2D79FCED2726C0A900C2C5AC /* Base */,
			);
			name = LaunchScreen.storyboard;
			sourceTree = "<group>";
		};
/* End PBXVariantGroup section */

/* Begin XCBuildConfiguration section */
		2D79FD062726C0A900C2C5AC /* Debug */ = {
			isa = XCBuildConfiguration;
			buildSettings = {
				ALWAYS_SEARCH_USER_PATHS = NO;
				CLANG_ANALYZER_NONNULL = YES;
				CLANG_ANALYZER_NUMBER_OBJECT_CONVERSION = YES_AGGRESSIVE;
				CLANG_CXX_LANGUAGE_STANDARD = "gnu++17";
				CLANG_CXX_LIBRARY = "libc++";
				CLANG_ENABLE_MODULES = YES;
				CLANG_ENABLE_OBJC_ARC = YES;
				CLANG_ENABLE_OBJC_WEAK = YES;
				CLANG_WARN_BLOCK_CAPTURE_AUTORELEASING = YES;
				CLANG_WARN_BOOL_CONVERSION = YES;
				CLANG_WARN_COMMA = YES;
				CLANG_WARN_CONSTANT_CONVERSION = YES;
				CLANG_WARN_DEPRECATED_OBJC_IMPLEMENTATIONS = YES;
				CLANG_WARN_DIRECT_OBJC_ISA_USAGE = YES_ERROR;
				CLANG_WARN_DOCUMENTATION_COMMENTS = YES;
				CLANG_WARN_EMPTY_BODY = YES;
				CLANG_WARN_ENUM_CONVERSION = YES;
				CLANG_WARN_INFINITE_RECURSION = YES;
				CLANG_WARN_INT_CONVERSION = YES;
				CLANG_WARN_NON_LITERAL_NULL_CONVERSION = YES;
				CLANG_WARN_OBJC_IMPLICIT_RETAIN_SELF = YES;
				CLANG_WARN_OBJC_LITERAL_CONVERSION = YES;
				CLANG_WARN_OBJC_ROOT_CLASS = YES_ERROR;
				CLANG_WARN_QUOTED_INCLUDE_IN_FRAMEWORK_HEADER = YES;
				CLANG_WARN_RANGE_LOOP_ANALYSIS = YES;
				CLANG_WARN_STRICT_PROTOTYPES = YES;
				CLANG_WARN_SUSPICIOUS_MOVE = YES;
				CLANG_WARN_UNGUARDED_AVAILABILITY = YES_AGGRESSIVE;
				CLANG_WARN_UNREACHABLE_CODE = YES;
				CLANG_WARN__DUPLICATE_METHOD_MATCH = YES;
				COPY_PHASE_STRIP = NO;
				DEBUG_INFORMATION_FORMAT = dwarf;
				ENABLE_STRICT_OBJC_MSGSEND = YES;
				ENABLE_TESTABILITY = YES;
				GCC_C_LANGUAGE_STANDARD = gnu11;
				GCC_DYNAMIC_NO_PIC = NO;
				GCC_NO_COMMON_BLOCKS = YES;
				GCC_OPTIMIZATION_LEVEL = 0;
				GCC_PREPROCESSOR_DEFINITIONS = (
					"DEBUG=1",
					"$(inherited)",
				);
				GCC_WARN_64_TO_32_BIT_CONVERSION = YES;
				GCC_WARN_ABOUT_RETURN_TYPE = YES_ERROR;
				GCC_WARN_UNDECLARED_SELECTOR = YES;
				GCC_WARN_UNINITIALIZED_AUTOS = YES_AGGRESSIVE;
				GCC_WARN_UNUSED_FUNCTION = YES;
				GCC_WARN_UNUSED_VARIABLE = YES;
				IPHONEOS_DEPLOYMENT_TARGET = 15.0;
				MTL_ENABLE_DEBUG_INFO = INCLUDE_SOURCE;
				MTL_FAST_MATH = YES;
				ONLY_ACTIVE_ARCH = YES;
				SDKROOT = iphoneos;
				SWIFT_ACTIVE_COMPILATION_CONDITIONS = DEBUG;
				SWIFT_OPTIMIZATION_LEVEL = "-Onone";
			};
			name = Debug;
		};
		2D79FD072726C0A900C2C5AC /* Release */ = {
			isa = XCBuildConfiguration;
			buildSettings = {
				ALWAYS_SEARCH_USER_PATHS = NO;
				CLANG_ANALYZER_NONNULL = YES;
				CLANG_ANALYZER_NUMBER_OBJECT_CONVERSION = YES_AGGRESSIVE;
				CLANG_CXX_LANGUAGE_STANDARD = "gnu++17";
				CLANG_CXX_LIBRARY = "libc++";
				CLANG_ENABLE_MODULES = YES;
				CLANG_ENABLE_OBJC_ARC = YES;
				CLANG_ENABLE_OBJC_WEAK = YES;
				CLANG_WARN_BLOCK_CAPTURE_AUTORELEASING = YES;
				CLANG_WARN_BOOL_CONVERSION = YES;
				CLANG_WARN_COMMA = YES;
				CLANG_WARN_CONSTANT_CONVERSION = YES;
				CLANG_WARN_DEPRECATED_OBJC_IMPLEMENTATIONS = YES;
				CLANG_WARN_DIRECT_OBJC_ISA_USAGE = YES_ERROR;
				CLANG_WARN_DOCUMENTATION_COMMENTS = YES;
				CLANG_WARN_EMPTY_BODY = YES;
				CLANG_WARN_ENUM_CONVERSION = YES;
				CLANG_WARN_INFINITE_RECURSION = YES;
				CLANG_WARN_INT_CONVERSION = YES;
				CLANG_WARN_NON_LITERAL_NULL_CONVERSION = YES;
				CLANG_WARN_OBJC_IMPLICIT_RETAIN_SELF = YES;
				CLANG_WARN_OBJC_LITERAL_CONVERSION = YES;
				CLANG_WARN_OBJC_ROOT_CLASS = YES_ERROR;
				CLANG_WARN_QUOTED_INCLUDE_IN_FRAMEWORK_HEADER = YES;
				CLANG_WARN_RANGE_LOOP_ANALYSIS = YES;
				CLANG_WARN_STRICT_PROTOTYPES = YES;
				CLANG_WARN_SUSPICIOUS_MOVE = YES;
				CLANG_WARN_UNGUARDED_AVAILABILITY = YES_AGGRESSIVE;
				CLANG_WARN_UNREACHABLE_CODE = YES;
				CLANG_WARN__DUPLICATE_METHOD_MATCH = YES;
				COPY_PHASE_STRIP = NO;
				DEBUG_INFORMATION_FORMAT = "dwarf-with-dsym";
				ENABLE_NS_ASSERTIONS = NO;
				ENABLE_STRICT_OBJC_MSGSEND = YES;
				GCC_C_LANGUAGE_STANDARD = gnu11;
				GCC_NO_COMMON_BLOCKS = YES;
				GCC_WARN_64_TO_32_BIT_CONVERSION = YES;
				GCC_WARN_ABOUT_RETURN_TYPE = YES_ERROR;
				GCC_WARN_UNDECLARED_SELECTOR = YES;
				GCC_WARN_UNINITIALIZED_AUTOS = YES_AGGRESSIVE;
				GCC_WARN_UNUSED_FUNCTION = YES;
				GCC_WARN_UNUSED_VARIABLE = YES;
				IPHONEOS_DEPLOYMENT_TARGET = 15.0;
				MTL_ENABLE_DEBUG_INFO = NO;
				MTL_FAST_MATH = YES;
				SDKROOT = iphoneos;
				SWIFT_COMPILATION_MODE = wholemodule;
				SWIFT_OPTIMIZATION_LEVEL = "-O";
				VALIDATE_PRODUCT = YES;
			};
			name = Release;
		};
		2D79FD092726C0A900C2C5AC /* Debug */ = {
			isa = XCBuildConfiguration;
			buildSettings = {
				ASSETCATALOG_COMPILER_APPICON_NAME = AppIcon;
				ASSETCATALOG_COMPILER_GLOBAL_ACCENT_COLOR_NAME = AccentColor;
				CODE_SIGN_STYLE = Automatic;
				CURRENT_PROJECT_VERSION = 1;
				GENERATE_INFOPLIST_FILE = YES;
				INFOPLIST_FILE = secondeExampleDay2/Info.plist;
				INFOPLIST_KEY_UIApplicationSupportsIndirectInputEvents = YES;
				INFOPLIST_KEY_UILaunchStoryboardName = LaunchScreen;
				INFOPLIST_KEY_UIMainStoryboardFile = Main;
				INFOPLIST_KEY_UISupportedInterfaceOrientations_iPad = "UIInterfaceOrientationPortrait UIInterfaceOrientationPortraitUpsideDown UIInterfaceOrientationLandscapeLeft UIInterfaceOrientationLandscapeRight";
				INFOPLIST_KEY_UISupportedInterfaceOrientations_iPhone = "UIInterfaceOrientationPortrait UIInterfaceOrientationLandscapeLeft UIInterfaceOrientationLandscapeRight";
				LD_RUNPATH_SEARCH_PATHS = (
					"$(inherited)",
					"@executable_path/Frameworks",
				);
				MARKETING_VERSION = 1.0;
				PRODUCT_BUNDLE_IDENTIFIER = ii.secondeExampleDay2;
				PRODUCT_NAME = "$(TARGET_NAME)";
				SWIFT_EMIT_LOC_STRINGS = YES;
				SWIFT_VERSION = 5.0;
				TARGETED_DEVICE_FAMILY = "1,2";
			};
			name = Debug;
		};
		2D79FD0A2726C0A900C2C5AC /* Release */ = {
			isa = XCBuildConfiguration;
			buildSettings = {
				ASSETCATALOG_COMPILER_APPICON_NAME = AppIcon;
				ASSETCATALOG_COMPILER_GLOBAL_ACCENT_COLOR_NAME = AccentColor;
				CODE_SIGN_STYLE = Automatic;
				CURRENT_PROJECT_VERSION = 1;
				GENERATE_INFOPLIST_FILE = YES;
				INFOPLIST_FILE = secondeExampleDay2/Info.plist;
				INFOPLIST_KEY_UIApplicationSupportsIndirectInputEvents = YES;
				INFOPLIST_KEY_UILaunchStoryboardName = LaunchScreen;
				INFOPLIST_KEY_UIMainStoryboardFile = Main;
				INFOPLIST_KEY_UISupportedInterfaceOrientations_iPad = "UIInterfaceOrientationPortrait UIInterfaceOrientationPortraitUpsideDown UIInterfaceOrientationLandscapeLeft UIInterfaceOrientationLandscapeRight";
				INFOPLIST_KEY_UISupportedInterfaceOrientations_iPhone = "UIInterfaceOrientationPortrait UIInterfaceOrientationLandscapeLeft UIInterfaceOrientationLandscapeRight";
				LD_RUNPATH_SEARCH_PATHS = (
					"$(inherited)",
					"@executable_path/Frameworks",
				);
				MARKETING_VERSION = 1.0;
				PRODUCT_BUNDLE_IDENTIFIER = ii.secondeExampleDay2;
				PRODUCT_NAME = "$(TARGET_NAME)";
				SWIFT_EMIT_LOC_STRINGS = YES;
				SWIFT_VERSION = 5.0;
				TARGETED_DEVICE_FAMILY = "1,2";
			};
			name = Release;
		};
		2D79FD0C2726C0A900C2C5AC /* Debug */ = {
			isa = XCBuildConfiguration;
			buildSettings = {
				ALWAYS_EMBED_SWIFT_STANDARD_LIBRARIES = YES;
				BUNDLE_LOADER = "$(TEST_HOST)";
				CODE_SIGN_STYLE = Automatic;
				CURRENT_PROJECT_VERSION = 1;
				GENERATE_INFOPLIST_FILE = YES;
				IPHONEOS_DEPLOYMENT_TARGET = 15.0;
				LD_RUNPATH_SEARCH_PATHS = (
					"$(inherited)",
					"@executable_path/Frameworks",
					"@loader_path/Frameworks",
				);
				MARKETING_VERSION = 1.0;
				PRODUCT_BUNDLE_IDENTIFIER = ii.secondeExampleDay2Tests;
				PRODUCT_NAME = "$(TARGET_NAME)";
				SWIFT_EMIT_LOC_STRINGS = NO;
				SWIFT_VERSION = 5.0;
				TARGETED_DEVICE_FAMILY = "1,2";
				TEST_HOST = "$(BUILT_PRODUCTS_DIR)/secondeExampleDay2.app/secondeExampleDay2";
			};
			name = Debug;
		};
		2D79FD0D2726C0A900C2C5AC /* Release */ = {
			isa = XCBuildConfiguration;
			buildSettings = {
				ALWAYS_EMBED_SWIFT_STANDARD_LIBRARIES = YES;
				BUNDLE_LOADER = "$(TEST_HOST)";
				CODE_SIGN_STYLE = Automatic;
				CURRENT_PROJECT_VERSION = 1;
				GENERATE_INFOPLIST_FILE = YES;
				IPHONEOS_DEPLOYMENT_TARGET = 15.0;
				LD_RUNPATH_SEARCH_PATHS = (
					"$(inherited)",
					"@executable_path/Frameworks",
					"@loader_path/Frameworks",
				);
				MARKETING_VERSION = 1.0;
				PRODUCT_BUNDLE_IDENTIFIER = ii.secondeExampleDay2Tests;
				PRODUCT_NAME = "$(TARGET_NAME)";
				SWIFT_EMIT_LOC_STRINGS = NO;
				SWIFT_VERSION = 5.0;
				TARGETED_DEVICE_FAMILY = "1,2";
				TEST_HOST = "$(BUILT_PRODUCTS_DIR)/secondeExampleDay2.app/secondeExampleDay2";
			};
			name = Release;
		};
		2D79FD0F2726C0A900C2C5AC /* Debug */ = {
			isa = XCBuildConfiguration;
			buildSettings = {
				ALWAYS_EMBED_SWIFT_STANDARD_LIBRARIES = YES;
				CODE_SIGN_STYLE = Automatic;
				CURRENT_PROJECT_VERSION = 1;
				GENERATE_INFOPLIST_FILE = YES;
				LD_RUNPATH_SEARCH_PATHS = (
					"$(inherited)",
					"@executable_path/Frameworks",
					"@loader_path/Frameworks",
				);
				MARKETING_VERSION = 1.0;
				PRODUCT_BUNDLE_IDENTIFIER = ii.secondeExampleDay2UITests;
				PRODUCT_NAME = "$(TARGET_NAME)";
				SWIFT_EMIT_LOC_STRINGS = NO;
				SWIFT_VERSION = 5.0;
				TARGETED_DEVICE_FAMILY = "1,2";
				TEST_TARGET_NAME = secondeExampleDay2;
			};
			name = Debug;
		};
		2D79FD102726C0A900C2C5AC /* Release */ = {
			isa = XCBuildConfiguration;
			buildSettings = {
				ALWAYS_EMBED_SWIFT_STANDARD_LIBRARIES = YES;
				CODE_SIGN_STYLE = Automatic;
				CURRENT_PROJECT_VERSION = 1;
				GENERATE_INFOPLIST_FILE = YES;
				LD_RUNPATH_SEARCH_PATHS = (
					"$(inherited)",
					"@executable_path/Frameworks",
					"@loader_path/Frameworks",
				);
				MARKETING_VERSION = 1.0;
				PRODUCT_BUNDLE_IDENTIFIER = ii.secondeExampleDay2UITests;
				PRODUCT_NAME = "$(TARGET_NAME)";
				SWIFT_EMIT_LOC_STRINGS = NO;
				SWIFT_VERSION = 5.0;
				TARGETED_DEVICE_FAMILY = "1,2";
				TEST_TARGET_NAME = secondeExampleDay2;
			};
			name = Release;
		};
/* End XCBuildConfiguration section */

/* Begin XCConfigurationList section */
		2D79FCD92726C0A900C2C5AC /* Build configuration list for PBXProject "secondeExampleDay2" */ = {
			isa = XCConfigurationList;
			buildConfigurations = (
				2D79FD062726C0A900C2C5AC /* Debug */,
				2D79FD072726C0A900C2C5AC /* Release */,
			);
			defaultConfigurationIsVisible = 0;
			defaultConfigurationName = Release;
		};
		2D79FD082726C0A900C2C5AC /* Build configuration list for PBXNativeTarget "secondeExampleDay2" */ = {
			isa = XCConfigurationList;
			buildConfigurations = (
				2D79FD092726C0A900C2C5AC /* Debug */,
				2D79FD0A2726C0A900C2C5AC /* Release */,
			);
			defaultConfigurationIsVisible = 0;
			defaultConfigurationName = Release;
		};
		2D79FD0B2726C0A900C2C5AC /* Build configuration list for PBXNativeTarget "secondeExampleDay2Tests" */ = {
			isa = XCConfigurationList;
			buildConfigurations = (
				2D79FD0C2726C0A900C2C5AC /* Debug */,
				2D79FD0D2726C0A900C2C5AC /* Release */,
			);
			defaultConfigurationIsVisible = 0;
			defaultConfigurationName = Release;
		};
		2D79FD0E2726C0A900C2C5AC /* Build configuration list for PBXNativeTarget "secondeExampleDay2UITests" */ = {
			isa = XCConfigurationList;
			buildConfigurations = (
				2D79FD0F2726C0A900C2C5AC /* Debug */,
				2D79FD102726C0A900C2C5AC /* Release */,
			);
			defaultConfigurationIsVisible = 0;
			defaultConfigurationName = Release;
		};
/* End XCConfigurationList section */
	};
	rootObject = 2D79FCD62726C0A900C2C5AC /* Project object */;
}
