// !$*UTF8*$!
{
	archiveVersion = 1;
	classes = {
	};
	objectVersion = 55;
	objects = {

/* Begin PBXBuildFile section */
		A259296A2726CF7500B5BB4F /* AppDelegate.swift in Sources */ = {isa = PBXBuildFile; fileRef = A25929692726CF7500B5BB4F /* AppDelegate.swift */; };
		A259296C2726CF7500B5BB4F /* SceneDelegate.swift in Sources */ = {isa = PBXBuildFile; fileRef = A259296B2726CF7500B5BB4F /* SceneDelegate.swift */; };
		A25929712726CF7500B5BB4F /* Main.storyboard in Resources */ = {isa = PBXBuildFile; fileRef = A259296F2726CF7500B5BB4F /* Main.storyboard */; };
		A25929732726CF7600B5BB4F /* Assets.xcassets in Resources */ = {isa = PBXBuildFile; fileRef = A25929722726CF7600B5BB4F /* Assets.xcassets */; };
		A25929762726CF7600B5BB4F /* LaunchScreen.storyboard in Resources */ = {isa = PBXBuildFile; fileRef = A25929742726CF7600B5BB4F /* LaunchScreen.storyboard */; };
		A25929892727EE9C00B5BB4F /* FirstCell.swift in Sources */ = {isa = PBXBuildFile; fileRef = A25929872727EE9C00B5BB4F /* FirstCell.swift */; };
		A259298A2727EE9C00B5BB4F /* FirstCell.xib in Resources */ = {isa = PBXBuildFile; fileRef = A25929882727EE9C00B5BB4F /* FirstCell.xib */; };
		A25929972727F2EF00B5BB4F /* ProCell.swift in Sources */ = {isa = PBXBuildFile; fileRef = A25929952727F2EF00B5BB4F /* ProCell.swift */; };
		A25929982727F2EF00B5BB4F /* ProCell.xib in Resources */ = {isa = PBXBuildFile; fileRef = A25929962727F2EF00B5BB4F /* ProCell.xib */; };
		A259299A2727F90300B5BB4F /* Restrante.swift in Sources */ = {isa = PBXBuildFile; fileRef = A25929992727F90300B5BB4F /* Restrante.swift */; };
		A2604D6D27295FF200AE98D7 /* CustomTabBsr.swift in Sources */ = {isa = PBXBuildFile; fileRef = A2604D6C27295FF200AE98D7 /* CustomTabBsr.swift */; };
/* End PBXBuildFile section */

/* Begin PBXFileReference section */
		A25929662726CF7500B5BB4F /* exr1_week5.app */ = {isa = PBXFileReference; explicitFileType = wrapper.application; includeInIndex = 0; path = exr1_week5.app; sourceTree = BUILT_PRODUCTS_DIR; };
		A25929692726CF7500B5BB4F /* AppDelegate.swift */ = {isa = PBXFileReference; lastKnownFileType = sourcecode.swift; path = AppDelegate.swift; sourceTree = "<group>"; };
		A259296B2726CF7500B5BB4F /* SceneDelegate.swift */ = {isa = PBXFileReference; lastKnownFileType = sourcecode.swift; path = SceneDelegate.swift; sourceTree = "<group>"; };
		A25929702726CF7500B5BB4F /* Base */ = {isa = PBXFileReference; lastKnownFileType = file.storyboard; name = Base; path = Base.lproj/Main.storyboard; sourceTree = "<group>"; };
		A25929722726CF7600B5BB4F /* Assets.xcassets */ = {isa = PBXFileReference; lastKnownFileType = folder.assetcatalog; path = Assets.xcassets; sourceTree = "<group>"; };
		A25929752726CF7600B5BB4F /* Base */ = {isa = PBXFileReference; lastKnownFileType = file.storyboard; name = Base; path = Base.lproj/LaunchScreen.storyboard; sourceTree = "<group>"; };
		A25929772726CF7600B5BB4F /* Info.plist */ = {isa = PBXFileReference; lastKnownFileType = text.plist.xml; path = Info.plist; sourceTree = "<group>"; };
		A259297F2727EDCA00B5BB4F /* exr1_week5-Bridging-Header.h */ = {isa = PBXFileReference; lastKnownFileType = sourcecode.c.h; path = "exr1_week5-Bridging-Header.h"; sourceTree = "<group>"; };
		A25929872727EE9C00B5BB4F /* FirstCell.swift */ = {isa = PBXFileReference; lastKnownFileType = sourcecode.swift; path = FirstCell.swift; sourceTree = "<group>"; };
		A25929882727EE9C00B5BB4F /* FirstCell.xib */ = {isa = PBXFileReference; lastKnownFileType = file.xib; path = FirstCell.xib; sourceTree = "<group>"; };
		A25929952727F2EF00B5BB4F /* ProCell.swift */ = {isa = PBXFileReference; lastKnownFileType = sourcecode.swift; path = ProCell.swift; sourceTree = "<group>"; };
		A25929962727F2EF00B5BB4F /* ProCell.xib */ = {isa = PBXFileReference; lastKnownFileType = file.xib; path = ProCell.xib; sourceTree = "<group>"; };
		A25929992727F90300B5BB4F /* Restrante.swift */ = {isa = PBXFileReference; lastKnownFileType = sourcecode.swift; path = Restrante.swift; sourceTree = "<group>"; };
		A2604D6C27295FF200AE98D7 /* CustomTabBsr.swift */ = {isa = PBXFileReference; lastKnownFileType = sourcecode.swift; path = CustomTabBsr.swift; sourceTree = "<group>"; };
/* End PBXFileReference section */

/* Begin PBXFrameworksBuildPhase section */
		A25929632726CF7500B5BB4F /* Frameworks */ = {
			isa = PBXFrameworksBuildPhase;
			buildActionMask = 2147483647;
			files = (
			);
			runOnlyForDeploymentPostprocessing = 0;
		};
/* End PBXFrameworksBuildPhase section */

/* Begin PBXGroup section */
		A259295D2726CF7500B5BB4F = {
			isa = PBXGroup;
			children = (
				A25929682726CF7500B5BB4F /* exr1_week5 */,
				A25929672726CF7500B5BB4F /* Products */,
			);
			sourceTree = "<group>";
		};
		A25929672726CF7500B5BB4F /* Products */ = {
			isa = PBXGroup;
			children = (
				A25929662726CF7500B5BB4F /* exr1_week5.app */,
			);
			name = Products;
			sourceTree = "<group>";
		};
		A25929682726CF7500B5BB4F /* exr1_week5 */ = {
			isa = PBXGroup;
			children = (
				A25929692726CF7500B5BB4F /* AppDelegate.swift */,
				A259296B2726CF7500B5BB4F /* SceneDelegate.swift */,
				A259296F2726CF7500B5BB4F /* Main.storyboard */,
				A2604D6C27295FF200AE98D7 /* CustomTabBsr.swift */,
				A25929992727F90300B5BB4F /* Restrante.swift */,
				A25929722726CF7600B5BB4F /* Assets.xcassets */,
				A25929742726CF7600B5BB4F /* LaunchScreen.storyboard */,
				A25929772726CF7600B5BB4F /* Info.plist */,
				A259297F2727EDCA00B5BB4F /* exr1_week5-Bridging-Header.h */,
				A25929872727EE9C00B5BB4F /* FirstCell.swift */,
				A25929882727EE9C00B5BB4F /* FirstCell.xib */,
				A25929952727F2EF00B5BB4F /* ProCell.swift */,
				A25929962727F2EF00B5BB4F /* ProCell.xib */,
			);
			path = exr1_week5;
			sourceTree = "<group>";
		};
/* End PBXGroup section */

/* Begin PBXNativeTarget section */
		A25929652726CF7500B5BB4F /* exr1_week5 */ = {
			isa = PBXNativeTarget;
			buildConfigurationList = A259297A2726CF7600B5BB4F /* Build configuration list for PBXNativeTarget "exr1_week5" */;
			buildPhases = (
				A25929622726CF7500B5BB4F /* Sources */,
				A25929632726CF7500B5BB4F /* Frameworks */,
				A25929642726CF7500B5BB4F /* Resources */,
			);
			buildRules = (
			);
			dependencies = (
			);
			name = exr1_week5;
			productName = exr1_week5;
			productReference = A25929662726CF7500B5BB4F /* exr1_week5.app */;
			productType = "com.apple.product-type.application";
		};
/* End PBXNativeTarget section */

/* Begin PBXProject section */
		A259295E2726CF7500B5BB4F /* Project object */ = {
			isa = PBXProject;
			attributes = {
				BuildIndependentTargetsInParallel = 1;
				LastSwiftUpdateCheck = 1300;
				LastUpgradeCheck = 1300;
				TargetAttributes = {
					A25929652726CF7500B5BB4F = {
						CreatedOnToolsVersion = 13.0;
						LastSwiftMigration = 1300;
					};
				};
			};
			buildConfigurationList = A25929612726CF7500B5BB4F /* Build configuration list for PBXProject "exr1_week5" */;
			compatibilityVersion = "Xcode 13.0";
			developmentRegion = en;
			hasScannedForEncodings = 0;
			knownRegions = (
				en,
				Base,
			);
			mainGroup = A259295D2726CF7500B5BB4F;
			productRefGroup = A25929672726CF7500B5BB4F /* Products */;
			projectDirPath = "";
			projectRoot = "";
			targets = (
				A25929652726CF7500B5BB4F /* exr1_week5 */,
			);
		};
/* End PBXProject section */

/* Begin PBXResourcesBuildPhase section */
		A25929642726CF7500B5BB4F /* Resources */ = {
			isa = PBXResourcesBuildPhase;
			buildActionMask = 2147483647;
			files = (
				A25929982727F2EF00B5BB4F /* ProCell.xib in Resources */,
				A25929762726CF7600B5BB4F /* LaunchScreen.storyboard in Resources */,
				A25929732726CF7600B5BB4F /* Assets.xcassets in Resources */,
				A259298A2727EE9C00B5BB4F /* FirstCell.xib in Resources */,
				A25929712726CF7500B5BB4F /* Main.storyboard in Resources */,
			);
			runOnlyForDeploymentPostprocessing = 0;
		};
/* End PBXResourcesBuildPhase section */

/* Begin PBXSourcesBuildPhase section */
		A25929622726CF7500B5BB4F /* Sources */ = {
			isa = PBXSourcesBuildPhase;
			buildActionMask = 2147483647;
			files = (
				A259299A2727F90300B5BB4F /* Restrante.swift in Sources */,
				A259296A2726CF7500B5BB4F /* AppDelegate.swift in Sources */,
				A2604D6D27295FF200AE98D7 /* CustomTabBsr.swift in Sources */,
				A25929892727EE9C00B5BB4F /* FirstCell.swift in Sources */,
				A259296C2726CF7500B5BB4F /* SceneDelegate.swift in Sources */,
				A25929972727F2EF00B5BB4F /* ProCell.swift in Sources */,
			);
			runOnlyForDeploymentPostprocessing = 0;
		};
/* End PBXSourcesBuildPhase section */

/* Begin PBXVariantGroup section */
		A259296F2726CF7500B5BB4F /* Main.storyboard */ = {
			isa = PBXVariantGroup;
			children = (
				A25929702726CF7500B5BB4F /* Base */,
			);
			name = Main.storyboard;
			sourceTree = "<group>";
		};
		A25929742726CF7600B5BB4F /* LaunchScreen.storyboard */ = {
			isa = PBXVariantGroup;
			children = (
				A25929752726CF7600B5BB4F /* Base */,
			);
			name = LaunchScreen.storyboard;
			sourceTree = "<group>";
		};
/* End PBXVariantGroup section */

/* Begin XCBuildConfiguration section */
		A25929782726CF7600B5BB4F /* Debug */ = {
			isa = XCBuildConfiguration;
			buildSettings = {
				ALWAYS_SEARCH_USER_PATHS = NO;
				CLANG_ANALYZER_NONNULL = YES;
				CLANG_ANALYZER_NUMBER_OBJECT_CONVERSION = YES_AGGRESSIVE;
				CLANG_CXX_LANGUAGE_STANDARD = "gnu++17";
				CLANG_CXX_LIBRARY = "libc++";
				CLANG_ENABLE_MODULES = YES;
				CLANG_ENABLE_OBJC_ARC = YES;
				CLANG_ENABLE_OBJC_WEAK = YES;
				CLANG_WARN_BLOCK_CAPTURE_AUTORELEASING = YES;
				CLANG_WARN_BOOL_CONVERSION = YES;
				CLANG_WARN_COMMA = YES;
				CLANG_WARN_CONSTANT_CONVERSION = YES;
				CLANG_WARN_DEPRECATED_OBJC_IMPLEMENTATIONS = YES;
				CLANG_WARN_DIRECT_OBJC_ISA_USAGE = YES_ERROR;
				CLANG_WARN_DOCUMENTATION_COMMENTS = YES;
				CLANG_WARN_EMPTY_BODY = YES;
				CLANG_WARN_ENUM_CONVERSION = YES;
				CLANG_WARN_INFINITE_RECURSION = YES;
				CLANG_WARN_INT_CONVERSION = YES;
				CLANG_WARN_NON_LITERAL_NULL_CONVERSION = YES;
				CLANG_WARN_OBJC_IMPLICIT_RETAIN_SELF = YES;
				CLANG_WARN_OBJC_LITERAL_CONVERSION = YES;
				CLANG_WARN_OBJC_ROOT_CLASS = YES_ERROR;
				CLANG_WARN_QUOTED_INCLUDE_IN_FRAMEWORK_HEADER = YES;
				CLANG_WARN_RANGE_LOOP_ANALYSIS = YES;
				CLANG_WARN_STRICT_PROTOTYPES = YES;
				CLANG_WARN_SUSPICIOUS_MOVE = YES;
				CLANG_WARN_UNGUARDED_AVAILABILITY = YES_AGGRESSIVE;
				CLANG_WARN_UNREACHABLE_CODE = YES;
				CLANG_WARN__DUPLICATE_METHOD_MATCH = YES;
				COPY_PHASE_STRIP = NO;
				DEBUG_INFORMATION_FORMAT = dwarf;
				ENABLE_STRICT_OBJC_MSGSEND = YES;
				ENABLE_TESTABILITY = YES;
				GCC_C_LANGUAGE_STANDARD = gnu11;
				GCC_DYNAMIC_NO_PIC = NO;
				GCC_NO_COMMON_BLOCKS = YES;
				GCC_OPTIMIZATION_LEVEL = 0;
				GCC_PREPROCESSOR_DEFINITIONS = (
					"DEBUG=1",
					"$(inherited)",
				);
				GCC_WARN_64_TO_32_BIT_CONVERSION = YES;
				GCC_WARN_ABOUT_RETURN_TYPE = YES_ERROR;
				GCC_WARN_UNDECLARED_SELECTOR = YES;
				GCC_WARN_UNINITIALIZED_AUTOS = YES_AGGRESSIVE;
				GCC_WARN_UNUSED_FUNCTION = YES;
				GCC_WARN_UNUSED_VARIABLE = YES;
				IPHONEOS_DEPLOYMENT_TARGET = 15.0;
				MTL_ENABLE_DEBUG_INFO = INCLUDE_SOURCE;
				MTL_FAST_MATH = YES;
				ONLY_ACTIVE_ARCH = YES;
				SDKROOT = iphoneos;
				SWIFT_ACTIVE_COMPILATION_CONDITIONS = DEBUG;
				SWIFT_OPTIMIZATION_LEVEL = "-Onone";
			};
			name = Debug;
		};
		A25929792726CF7600B5BB4F /* Release */ = {
			isa = XCBuildConfiguration;
			buildSettings = {
				ALWAYS_SEARCH_USER_PATHS = NO;
				CLANG_ANALYZER_NONNULL = YES;
				CLANG_ANALYZER_NUMBER_OBJECT_CONVERSION = YES_AGGRESSIVE;
				CLANG_CXX_LANGUAGE_STANDARD = "gnu++17";
				CLANG_CXX_LIBRARY = "libc++";
				CLANG_ENABLE_MODULES = YES;
				CLANG_ENABLE_OBJC_ARC = YES;
				CLANG_ENABLE_OBJC_WEAK = YES;
				CLANG_WARN_BLOCK_CAPTURE_AUTORELEASING = YES;
				CLANG_WARN_BOOL_CONVERSION = YES;
				CLANG_WARN_COMMA = YES;
				CLANG_WARN_CONSTANT_CONVERSION = YES;
				CLANG_WARN_DEPRECATED_OBJC_IMPLEMENTATIONS = YES;
				CLANG_WARN_DIRECT_OBJC_ISA_USAGE = YES_ERROR;
				CLANG_WARN_DOCUMENTATION_COMMENTS = YES;
				CLANG_WARN_EMPTY_BODY = YES;
				CLANG_WARN_ENUM_CONVERSION = YES;
				CLANG_WARN_INFINITE_RECURSION = YES;
				CLANG_WARN_INT_CONVERSION = YES;
				CLANG_WARN_NON_LITERAL_NULL_CONVERSION = YES;
				CLANG_WARN_OBJC_IMPLICIT_RETAIN_SELF = YES;
				CLANG_WARN_OBJC_LITERAL_CONVERSION = YES;
				CLANG_WARN_OBJC_ROOT_CLASS = YES_ERROR;
				CLANG_WARN_QUOTED_INCLUDE_IN_FRAMEWORK_HEADER = YES;
				CLANG_WARN_RANGE_LOOP_ANALYSIS = YES;
				CLANG_WARN_STRICT_PROTOTYPES = YES;
				CLANG_WARN_SUSPICIOUS_MOVE = YES;
				CLANG_WARN_UNGUARDED_AVAILABILITY = YES_AGGRESSIVE;
				CLANG_WARN_UNREACHABLE_CODE = YES;
				CLANG_WARN__DUPLICATE_METHOD_MATCH = YES;
				COPY_PHASE_STRIP = NO;
				DEBUG_INFORMATION_FORMAT = "dwarf-with-dsym";
				ENABLE_NS_ASSERTIONS = NO;
				ENABLE_STRICT_OBJC_MSGSEND = YES;
				GCC_C_LANGUAGE_STANDARD = gnu11;
				GCC_NO_COMMON_BLOCKS = YES;
				GCC_WARN_64_TO_32_BIT_CONVERSION = YES;
				GCC_WARN_ABOUT_RETURN_TYPE = YES_ERROR;
				GCC_WARN_UNDECLARED_SELECTOR = YES;
				GCC_WARN_UNINITIALIZED_AUTOS = YES_AGGRESSIVE;
				GCC_WARN_UNUSED_FUNCTION = YES;
				GCC_WARN_UNUSED_VARIABLE = YES;
				IPHONEOS_DEPLOYMENT_TARGET = 15.0;
				MTL_ENABLE_DEBUG_INFO = NO;
				MTL_FAST_MATH = YES;
				SDKROOT = iphoneos;
				SWIFT_COMPILATION_MODE = wholemodule;
				SWIFT_OPTIMIZATION_LEVEL = "-O";
				VALIDATE_PRODUCT = YES;
			};
			name = Release;
		};
		A259297B2726CF7600B5BB4F /* Debug */ = {
			isa = XCBuildConfiguration;
			buildSettings = {
				ASSETCATALOG_COMPILER_APPICON_NAME = AppIcon;
				ASSETCATALOG_COMPILER_GLOBAL_ACCENT_COLOR_NAME = AccentColor;
				CLANG_ENABLE_MODULES = YES;
				CODE_SIGN_STYLE = Automatic;
				CURRENT_PROJECT_VERSION = 1;
				GENERATE_INFOPLIST_FILE = YES;
				INFOPLIST_FILE = exr1_week5/Info.plist;
				INFOPLIST_KEY_UIApplicationSupportsIndirectInputEvents = YES;
				INFOPLIST_KEY_UILaunchStoryboardName = LaunchScreen;
				INFOPLIST_KEY_UIMainStoryboardFile = Main;
				INFOPLIST_KEY_UISupportedInterfaceOrientations_iPad = "UIInterfaceOrientationPortrait UIInterfaceOrientationPortraitUpsideDown UIInterfaceOrientationLandscapeLeft UIInterfaceOrientationLandscapeRight";
				INFOPLIST_KEY_UISupportedInterfaceOrientations_iPhone = "UIInterfaceOrientationPortrait UIInterfaceOrientationLandscapeLeft UIInterfaceOrientationLandscapeRight";
				LD_RUNPATH_SEARCH_PATHS = (
					"$(inherited)",
					"@executable_path/Frameworks",
				);
				MARKETING_VERSION = 1.0;
				PRODUCT_BUNDLE_IDENTIFIER = "com..exr1-week5";
				PRODUCT_NAME = "$(TARGET_NAME)";
				SWIFT_EMIT_LOC_STRINGS = YES;
				SWIFT_OBJC_BRIDGING_HEADER = "exr1_week5/exr1_week5-Bridging-Header.h";
				SWIFT_OPTIMIZATION_LEVEL = "-Onone";
				SWIFT_VERSION = 5.0;
				TARGETED_DEVICE_FAMILY = "1,2";
			};
			name = Debug;
		};
		A259297C2726CF7600B5BB4F /* Release */ = {
			isa = XCBuildConfiguration;
			buildSettings = {
				ASSETCATALOG_COMPILER_APPICON_NAME = AppIcon;
				ASSETCATALOG_COMPILER_GLOBAL_ACCENT_COLOR_NAME = AccentColor;
				CLANG_ENABLE_MODULES = YES;
				CODE_SIGN_STYLE = Automatic;
				CURRENT_PROJECT_VERSION = 1;
				GENERATE_INFOPLIST_FILE = YES;
				INFOPLIST_FILE = exr1_week5/Info.plist;
				INFOPLIST_KEY_UIApplicationSupportsIndirectInputEvents = YES;
				INFOPLIST_KEY_UILaunchStoryboardName = LaunchScreen;
				INFOPLIST_KEY_UIMainStoryboardFile = Main;
				INFOPLIST_KEY_UISupportedInterfaceOrientations_iPad = "UIInterfaceOrientationPortrait UIInterfaceOrientationPortraitUpsideDown UIInterfaceOrientationLandscapeLeft UIInterfaceOrientationLandscapeRight";
				INFOPLIST_KEY_UISupportedInterfaceOrientations_iPhone = "UIInterfaceOrientationPortrait UIInterfaceOrientationLandscapeLeft UIInterfaceOrientationLandscapeRight";
				LD_RUNPATH_SEARCH_PATHS = (
					"$(inherited)",
					"@executable_path/Frameworks",
				);
				MARKETING_VERSION = 1.0;
				PRODUCT_BUNDLE_IDENTIFIER = "com..exr1-week5";
				PRODUCT_NAME = "$(TARGET_NAME)";
				SWIFT_EMIT_LOC_STRINGS = YES;
				SWIFT_OBJC_BRIDGING_HEADER = "exr1_week5/exr1_week5-Bridging-Header.h";
				SWIFT_VERSION = 5.0;
				TARGETED_DEVICE_FAMILY = "1,2";
			};
			name = Release;
		};
/* End XCBuildConfiguration section */

/* Begin XCConfigurationList section */
		A25929612726CF7500B5BB4F /* Build configuration list for PBXProject "exr1_week5" */ = {
			isa = XCConfigurationList;
			buildConfigurations = (
				A25929782726CF7600B5BB4F /* Debug */,
				A25929792726CF7600B5BB4F /* Release */,
			);
			defaultConfigurationIsVisible = 0;
			defaultConfigurationName = Release;
		};
		A259297A2726CF7600B5BB4F /* Build configuration list for PBXNativeTarget "exr1_week5" */ = {
			isa = XCConfigurationList;
			buildConfigurations = (
				A259297B2726CF7600B5BB4F /* Debug */,
				A259297C2726CF7600B5BB4F /* Release */,
			);
			defaultConfigurationIsVisible = 0;
			defaultConfigurationName = Release;
		};
/* End XCConfigurationList section */
	};
	rootObject = A259295E2726CF7500B5BB4F /* Project object */;
}
