// !$*UTF8*$!
{
	archiveVersion = 1;
	classes = {
	};
	objectVersion = 55;
	objects = {

/* Begin PBXBuildFile section */
		917236452726C3D900062E23 /* AppDelegate.swift in Sources */ = {isa = PBXBuildFile; fileRef = 917236442726C3D900062E23 /* AppDelegate.swift */; };
		917236472726C3D900062E23 /* SceneDelegate.swift in Sources */ = {isa = PBXBuildFile; fileRef = 917236462726C3D900062E23 /* SceneDelegate.swift */; };
		9172364C2726C3D900062E23 /* Main.storyboard in Resources */ = {isa = PBXBuildFile; fileRef = 9172364A2726C3D900062E23 /* Main.storyboard */; };
		9172364E2726C3DA00062E23 /* Assets.xcassets in Resources */ = {isa = PBXBuildFile; fileRef = 9172364D2726C3DA00062E23 /* Assets.xcassets */; };
		917236512726C3DA00062E23 /* LaunchScreen.storyboard in Resources */ = {isa = PBXBuildFile; fileRef = 9172364F2726C3DA00062E23 /* LaunchScreen.storyboard */; };
		9184B6AA2727DEB6006E1B71 /* productCell.swift in Sources */ = {isa = PBXBuildFile; fileRef = 9184B6A82727DEB6006E1B71 /* productCell.swift */; };
		9184B6AB2727DEB6006E1B71 /* productCell.xib in Resources */ = {isa = PBXBuildFile; fileRef = 9184B6A92727DEB6006E1B71 /* productCell.xib */; };
		9184B6AD2727E2FB006E1B71 /* TableViewController.swift in Sources */ = {isa = PBXBuildFile; fileRef = 9184B6AC2727E2FB006E1B71 /* TableViewController.swift */; };
		9184B6B02727F144006E1B71 /* BinnerCellTableViewCell.swift in Sources */ = {isa = PBXBuildFile; fileRef = 9184B6AE2727F144006E1B71 /* BinnerCellTableViewCell.swift */; };
		9184B6B12727F144006E1B71 /* BinnerCellTableViewCell.xib in Resources */ = {isa = PBXBuildFile; fileRef = 9184B6AF2727F144006E1B71 /* BinnerCellTableViewCell.xib */; };
/* End PBXBuildFile section */

/* Begin PBXFileReference section */
		917236412726C3D900062E23 /* week5_day22.app */ = {isa = PBXFileReference; explicitFileType = wrapper.application; includeInIndex = 0; path = week5_day22.app; sourceTree = BUILT_PRODUCTS_DIR; };
		917236442726C3D900062E23 /* AppDelegate.swift */ = {isa = PBXFileReference; lastKnownFileType = sourcecode.swift; path = AppDelegate.swift; sourceTree = "<group>"; };
		917236462726C3D900062E23 /* SceneDelegate.swift */ = {isa = PBXFileReference; lastKnownFileType = sourcecode.swift; path = SceneDelegate.swift; sourceTree = "<group>"; };
		9172364B2726C3D900062E23 /* Base */ = {isa = PBXFileReference; lastKnownFileType = file.storyboard; name = Base; path = Base.lproj/Main.storyboard; sourceTree = "<group>"; };
		9172364D2726C3DA00062E23 /* Assets.xcassets */ = {isa = PBXFileReference; lastKnownFileType = folder.assetcatalog; path = Assets.xcassets; sourceTree = "<group>"; };
		917236502726C3DA00062E23 /* Base */ = {isa = PBXFileReference; lastKnownFileType = file.storyboard; name = Base; path = Base.lproj/LaunchScreen.storyboard; sourceTree = "<group>"; };
		917236522726C3DA00062E23 /* Info.plist */ = {isa = PBXFileReference; lastKnownFileType = text.plist.xml; path = Info.plist; sourceTree = "<group>"; };
		9184B6A82727DEB6006E1B71 /* productCell.swift */ = {isa = PBXFileReference; lastKnownFileType = sourcecode.swift; path = productCell.swift; sourceTree = "<group>"; };
		9184B6A92727DEB6006E1B71 /* productCell.xib */ = {isa = PBXFileReference; lastKnownFileType = file.xib; path = productCell.xib; sourceTree = "<group>"; };
		9184B6AC2727E2FB006E1B71 /* TableViewController.swift */ = {isa = PBXFileReference; lastKnownFileType = sourcecode.swift; path = TableViewController.swift; sourceTree = "<group>"; };
		9184B6AE2727F144006E1B71 /* BinnerCellTableViewCell.swift */ = {isa = PBXFileReference; lastKnownFileType = sourcecode.swift; path = BinnerCellTableViewCell.swift; sourceTree = "<group>"; };
		9184B6AF2727F144006E1B71 /* BinnerCellTableViewCell.xib */ = {isa = PBXFileReference; lastKnownFileType = file.xib; path = BinnerCellTableViewCell.xib; sourceTree = "<group>"; };
/* End PBXFileReference section */

/* Begin PBXFrameworksBuildPhase section */
		9172363E2726C3D900062E23 /* Frameworks */ = {
			isa = PBXFrameworksBuildPhase;
			buildActionMask = 2147483647;
			files = (
			);
			runOnlyForDeploymentPostprocessing = 0;
		};
/* End PBXFrameworksBuildPhase section */

/* Begin PBXGroup section */
		917236382726C3D900062E23 = {
			isa = PBXGroup;
			children = (
				917236432726C3D900062E23 /* week5_day22 */,
				917236422726C3D900062E23 /* Products */,
			);
			sourceTree = "<group>";
		};
		917236422726C3D900062E23 /* Products */ = {
			isa = PBXGroup;
			children = (
				917236412726C3D900062E23 /* week5_day22.app */,
			);
			name = Products;
			sourceTree = "<group>";
		};
		917236432726C3D900062E23 /* week5_day22 */ = {
			isa = PBXGroup;
			children = (
				917236442726C3D900062E23 /* AppDelegate.swift */,
				917236462726C3D900062E23 /* SceneDelegate.swift */,
				9172364A2726C3D900062E23 /* Main.storyboard */,
				9184B6A82727DEB6006E1B71 /* productCell.swift */,
				9184B6A92727DEB6006E1B71 /* productCell.xib */,
				9184B6AE2727F144006E1B71 /* BinnerCellTableViewCell.swift */,
				9184B6AF2727F144006E1B71 /* BinnerCellTableViewCell.xib */,
				9172364D2726C3DA00062E23 /* Assets.xcassets */,
				9172364F2726C3DA00062E23 /* LaunchScreen.storyboard */,
				917236522726C3DA00062E23 /* Info.plist */,
				9184B6AC2727E2FB006E1B71 /* TableViewController.swift */,
			);
			path = week5_day22;
			sourceTree = "<group>";
		};
/* End PBXGroup section */

/* Begin PBXNativeTarget section */
		917236402726C3D900062E23 /* week5_day22 */ = {
			isa = PBXNativeTarget;
			buildConfigurationList = 917236552726C3DA00062E23 /* Build configuration list for PBXNativeTarget "week5_day22" */;
			buildPhases = (
				9172363D2726C3D900062E23 /* Sources */,
				9172363E2726C3D900062E23 /* Frameworks */,
				9172363F2726C3D900062E23 /* Resources */,
			);
			buildRules = (
			);
			dependencies = (
			);
			name = week5_day22;
			productName = week5_day22;
			productReference = 917236412726C3D900062E23 /* week5_day22.app */;
			productType = "com.apple.product-type.application";
		};
/* End PBXNativeTarget section */

/* Begin PBXProject section */
		917236392726C3D900062E23 /* Project object */ = {
			isa = PBXProject;
			attributes = {
				BuildIndependentTargetsInParallel = 1;
				LastSwiftUpdateCheck = 1300;
				LastUpgradeCheck = 1300;
				TargetAttributes = {
					917236402726C3D900062E23 = {
						CreatedOnToolsVersion = 13.0;
					};
				};
			};
			buildConfigurationList = 9172363C2726C3D900062E23 /* Build configuration list for PBXProject "week5_day22" */;
			compatibilityVersion = "Xcode 13.0";
			developmentRegion = en;
			hasScannedForEncodings = 0;
			knownRegions = (
				en,
				Base,
			);
			mainGroup = 917236382726C3D900062E23;
			productRefGroup = 917236422726C3D900062E23 /* Products */;
			projectDirPath = "";
			projectRoot = "";
			targets = (
				917236402726C3D900062E23 /* week5_day22 */,
			);
		};
/* End PBXProject section */

/* Begin PBXResourcesBuildPhase section */
		9172363F2726C3D900062E23 /* Resources */ = {
			isa = PBXResourcesBuildPhase;
			buildActionMask = 2147483647;
			files = (
				917236512726C3DA00062E23 /* LaunchScreen.storyboard in Resources */,
				9184B6B12727F144006E1B71 /* BinnerCellTableViewCell.xib in Resources */,
				9184B6AB2727DEB6006E1B71 /* productCell.xib in Resources */,
				9172364E2726C3DA00062E23 /* Assets.xcassets in Resources */,
				9172364C2726C3D900062E23 /* Main.storyboard in Resources */,
			);
			runOnlyForDeploymentPostprocessing = 0;
		};
/* End PBXResourcesBuildPhase section */

/* Begin PBXSourcesBuildPhase section */
		9172363D2726C3D900062E23 /* Sources */ = {
			isa = PBXSourcesBuildPhase;
			buildActionMask = 2147483647;
			files = (
				9184B6B02727F144006E1B71 /* BinnerCellTableViewCell.swift in Sources */,
				9184B6AA2727DEB6006E1B71 /* productCell.swift in Sources */,
				917236452726C3D900062E23 /* AppDelegate.swift in Sources */,
				917236472726C3D900062E23 /* SceneDelegate.swift in Sources */,
				9184B6AD2727E2FB006E1B71 /* TableViewController.swift in Sources */,
			);
			runOnlyForDeploymentPostprocessing = 0;
		};
/* End PBXSourcesBuildPhase section */

/* Begin PBXVariantGroup section */
		9172364A2726C3D900062E23 /* Main.storyboard */ = {
			isa = PBXVariantGroup;
			children = (
				9172364B2726C3D900062E23 /* Base */,
			);
			name = Main.storyboard;
			sourceTree = "<group>";
		};
		9172364F2726C3DA00062E23 /* LaunchScreen.storyboard */ = {
			isa = PBXVariantGroup;
			children = (
				917236502726C3DA00062E23 /* Base */,
			);
			name = LaunchScreen.storyboard;
			sourceTree = "<group>";
		};
/* End PBXVariantGroup section */

/* Begin XCBuildConfiguration section */
		917236532726C3DA00062E23 /* Debug */ = {
			isa = XCBuildConfiguration;
			buildSettings = {
				ALWAYS_SEARCH_USER_PATHS = NO;
				CLANG_ANALYZER_NONNULL = YES;
				CLANG_ANALYZER_NUMBER_OBJECT_CONVERSION = YES_AGGRESSIVE;
				CLANG_CXX_LANGUAGE_STANDARD = "gnu++17";
				CLANG_CXX_LIBRARY = "libc++";
				CLANG_ENABLE_MODULES = YES;
				CLANG_ENABLE_OBJC_ARC = YES;
				CLANG_ENABLE_OBJC_WEAK = YES;
				CLANG_WARN_BLOCK_CAPTURE_AUTORELEASING = YES;
				CLANG_WARN_BOOL_CONVERSION = YES;
				CLANG_WARN_COMMA = YES;
				CLANG_WARN_CONSTANT_CONVERSION = YES;
				CLANG_WARN_DEPRECATED_OBJC_IMPLEMENTATIONS = YES;
				CLANG_WARN_DIRECT_OBJC_ISA_USAGE = YES_ERROR;
				CLANG_WARN_DOCUMENTATION_COMMENTS = YES;
				CLANG_WARN_EMPTY_BODY = YES;
				CLANG_WARN_ENUM_CONVERSION = YES;
				CLANG_WARN_INFINITE_RECURSION = YES;
				CLANG_WARN_INT_CONVERSION = YES;
				CLANG_WARN_NON_LITERAL_NULL_CONVERSION = YES;
				CLANG_WARN_OBJC_IMPLICIT_RETAIN_SELF = YES;
				CLANG_WARN_OBJC_LITERAL_CONVERSION = YES;
				CLANG_WARN_OBJC_ROOT_CLASS = YES_ERROR;
				CLANG_WARN_QUOTED_INCLUDE_IN_FRAMEWORK_HEADER = YES;
				CLANG_WARN_RANGE_LOOP_ANALYSIS = YES;
				CLANG_WARN_STRICT_PROTOTYPES = YES;
				CLANG_WARN_SUSPICIOUS_MOVE = YES;
				CLANG_WARN_UNGUARDED_AVAILABILITY = YES_AGGRESSIVE;
				CLANG_WARN_UNREACHABLE_CODE = YES;
				CLANG_WARN__DUPLICATE_METHOD_MATCH = YES;
				COPY_PHASE_STRIP = NO;
				DEBUG_INFORMATION_FORMAT = dwarf;
				ENABLE_STRICT_OBJC_MSGSEND = YES;
				ENABLE_TESTABILITY = YES;
				GCC_C_LANGUAGE_STANDARD = gnu11;
				GCC_DYNAMIC_NO_PIC = NO;
				GCC_NO_COMMON_BLOCKS = YES;
				GCC_OPTIMIZATION_LEVEL = 0;
				GCC_PREPROCESSOR_DEFINITIONS = (
					"DEBUG=1",
					"$(inherited)",
				);
				GCC_WARN_64_TO_32_BIT_CONVERSION = YES;
				GCC_WARN_ABOUT_RETURN_TYPE = YES_ERROR;
				GCC_WARN_UNDECLARED_SELECTOR = YES;
				GCC_WARN_UNINITIALIZED_AUTOS = YES_AGGRESSIVE;
				GCC_WARN_UNUSED_FUNCTION = YES;
				GCC_WARN_UNUSED_VARIABLE = YES;
				IPHONEOS_DEPLOYMENT_TARGET = 15.0;
				MTL_ENABLE_DEBUG_INFO = INCLUDE_SOURCE;
				MTL_FAST_MATH = YES;
				ONLY_ACTIVE_ARCH = YES;
				SDKROOT = iphoneos;
				SWIFT_ACTIVE_COMPILATION_CONDITIONS = DEBUG;
				SWIFT_OPTIMIZATION_LEVEL = "-Onone";
			};
			name = Debug;
		};
		917236542726C3DA00062E23 /* Release */ = {
			isa = XCBuildConfiguration;
			buildSettings = {
				ALWAYS_SEARCH_USER_PATHS = NO;
				CLANG_ANALYZER_NONNULL = YES;
				CLANG_ANALYZER_NUMBER_OBJECT_CONVERSION = YES_AGGRESSIVE;
				CLANG_CXX_LANGUAGE_STANDARD = "gnu++17";
				CLANG_CXX_LIBRARY = "libc++";
				CLANG_ENABLE_MODULES = YES;
				CLANG_ENABLE_OBJC_ARC = YES;
				CLANG_ENABLE_OBJC_WEAK = YES;
				CLANG_WARN_BLOCK_CAPTURE_AUTORELEASING = YES;
				CLANG_WARN_BOOL_CONVERSION = YES;
				CLANG_WARN_COMMA = YES;
				CLANG_WARN_CONSTANT_CONVERSION = YES;
				CLANG_WARN_DEPRECATED_OBJC_IMPLEMENTATIONS = YES;
				CLANG_WARN_DIRECT_OBJC_ISA_USAGE = YES_ERROR;
				CLANG_WARN_DOCUMENTATION_COMMENTS = YES;
				CLANG_WARN_EMPTY_BODY = YES;
				CLANG_WARN_ENUM_CONVERSION = YES;
				CLANG_WARN_INFINITE_RECURSION = YES;
				CLANG_WARN_INT_CONVERSION = YES;
				CLANG_WARN_NON_LITERAL_NULL_CONVERSION = YES;
				CLANG_WARN_OBJC_IMPLICIT_RETAIN_SELF = YES;
				CLANG_WARN_OBJC_LITERAL_CONVERSION = YES;
				CLANG_WARN_OBJC_ROOT_CLASS = YES_ERROR;
				CLANG_WARN_QUOTED_INCLUDE_IN_FRAMEWORK_HEADER = YES;
				CLANG_WARN_RANGE_LOOP_ANALYSIS = YES;
				CLANG_WARN_STRICT_PROTOTYPES = YES;
				CLANG_WARN_SUSPICIOUS_MOVE = YES;
				CLANG_WARN_UNGUARDED_AVAILABILITY = YES_AGGRESSIVE;
				CLANG_WARN_UNREACHABLE_CODE = YES;
				CLANG_WARN__DUPLICATE_METHOD_MATCH = YES;
				COPY_PHASE_STRIP = NO;
				DEBUG_INFORMATION_FORMAT = "dwarf-with-dsym";
				ENABLE_NS_ASSERTIONS = NO;
				ENABLE_STRICT_OBJC_MSGSEND = YES;
				GCC_C_LANGUAGE_STANDARD = gnu11;
				GCC_NO_COMMON_BLOCKS = YES;
				GCC_WARN_64_TO_32_BIT_CONVERSION = YES;
				GCC_WARN_ABOUT_RETURN_TYPE = YES_ERROR;
				GCC_WARN_UNDECLARED_SELECTOR = YES;
				GCC_WARN_UNINITIALIZED_AUTOS = YES_AGGRESSIVE;
				GCC_WARN_UNUSED_FUNCTION = YES;
				GCC_WARN_UNUSED_VARIABLE = YES;
				IPHONEOS_DEPLOYMENT_TARGET = 15.0;
				MTL_ENABLE_DEBUG_INFO = NO;
				MTL_FAST_MATH = YES;
				SDKROOT = iphoneos;
				SWIFT_COMPILATION_MODE = wholemodule;
				SWIFT_OPTIMIZATION_LEVEL = "-O";
				VALIDATE_PRODUCT = YES;
			};
			name = Release;
		};
		917236562726C3DA00062E23 /* Debug */ = {
			isa = XCBuildConfiguration;
			buildSettings = {
				ASSETCATALOG_COMPILER_APPICON_NAME = AppIcon;
				ASSETCATALOG_COMPILER_GLOBAL_ACCENT_COLOR_NAME = AccentColor;
				CODE_SIGN_STYLE = Automatic;
				CURRENT_PROJECT_VERSION = 1;
				GENERATE_INFOPLIST_FILE = YES;
				INFOPLIST_FILE = week5_day22/Info.plist;
				INFOPLIST_KEY_UIApplicationSupportsIndirectInputEvents = YES;
				INFOPLIST_KEY_UILaunchStoryboardName = LaunchScreen;
				INFOPLIST_KEY_UIMainStoryboardFile = Main;
				INFOPLIST_KEY_UISupportedInterfaceOrientations_iPad = "UIInterfaceOrientationPortrait UIInterfaceOrientationPortraitUpsideDown UIInterfaceOrientationLandscapeLeft UIInterfaceOrientationLandscapeRight";
				INFOPLIST_KEY_UISupportedInterfaceOrientations_iPhone = "UIInterfaceOrientationPortrait UIInterfaceOrientationLandscapeLeft UIInterfaceOrientationLandscapeRight";
				LD_RUNPATH_SEARCH_PATHS = (
					"$(inherited)",
					"@executable_path/Frameworks",
				);
				MARKETING_VERSION = 1.0;
				PRODUCT_BUNDLE_IDENTIFIER = "com.google.week5-day22";
				PRODUCT_NAME = "$(TARGET_NAME)";
				SWIFT_EMIT_LOC_STRINGS = YES;
				SWIFT_VERSION = 5.0;
				TARGETED_DEVICE_FAMILY = "1,2";
			};
			name = Debug;
		};
		917236572726C3DA00062E23 /* Release */ = {
			isa = XCBuildConfiguration;
			buildSettings = {
				ASSETCATALOG_COMPILER_APPICON_NAME = AppIcon;
				ASSETCATALOG_COMPILER_GLOBAL_ACCENT_COLOR_NAME = AccentColor;
				CODE_SIGN_STYLE = Automatic;
				CURRENT_PROJECT_VERSION = 1;
				GENERATE_INFOPLIST_FILE = YES;
				INFOPLIST_FILE = week5_day22/Info.plist;
				INFOPLIST_KEY_UIApplicationSupportsIndirectInputEvents = YES;
				INFOPLIST_KEY_UILaunchStoryboardName = LaunchScreen;
				INFOPLIST_KEY_UIMainStoryboardFile = Main;
				INFOPLIST_KEY_UISupportedInterfaceOrientations_iPad = "UIInterfaceOrientationPortrait UIInterfaceOrientationPortraitUpsideDown UIInterfaceOrientationLandscapeLeft UIInterfaceOrientationLandscapeRight";
				INFOPLIST_KEY_UISupportedInterfaceOrientations_iPhone = "UIInterfaceOrientationPortrait UIInterfaceOrientationLandscapeLeft UIInterfaceOrientationLandscapeRight";
				LD_RUNPATH_SEARCH_PATHS = (
					"$(inherited)",
					"@executable_path/Frameworks",
				);
				MARKETING_VERSION = 1.0;
				PRODUCT_BUNDLE_IDENTIFIER = "com.google.week5-day22";
				PRODUCT_NAME = "$(TARGET_NAME)";
				SWIFT_EMIT_LOC_STRINGS = YES;
				SWIFT_VERSION = 5.0;
				TARGETED_DEVICE_FAMILY = "1,2";
			};
			name = Release;
		};
/* End XCBuildConfiguration section */

/* Begin XCConfigurationList section */
		9172363C2726C3D900062E23 /* Build configuration list for PBXProject "week5_day22" */ = {
			isa = XCConfigurationList;
			buildConfigurations = (
				917236532726C3DA00062E23 /* Debug */,
				917236542726C3DA00062E23 /* Release */,
			);
			defaultConfigurationIsVisible = 0;
			defaultConfigurationName = Release;
		};
		917236552726C3DA00062E23 /* Build configuration list for PBXNativeTarget "week5_day22" */ = {
			isa = XCConfigurationList;
			buildConfigurations = (
				917236562726C3DA00062E23 /* Debug */,
				917236572726C3DA00062E23 /* Release */,
			);
			defaultConfigurationIsVisible = 0;
			defaultConfigurationName = Release;
		};
/* End XCConfigurationList section */
	};
	rootObject = 917236392726C3D900062E23 /* Project object */;
}
