// !$*UTF8*$!
{
	archiveVersion = 1;
	classes = {
	};
	objectVersion = 55;
	objects = {

/* Begin PBXBuildFile section */
		5A32262A2726CDFB0032B8FD /* AppDelegate.swift in Sources */ = {isa = PBXBuildFile; fileRef = 5A3226292726CDFB0032B8FD /* AppDelegate.swift */; };
		5A32262C2726CDFB0032B8FD /* SceneDelegate.swift in Sources */ = {isa = PBXBuildFile; fileRef = 5A32262B2726CDFB0032B8FD /* SceneDelegate.swift */; };
		5A32262E2726CDFB0032B8FD /* ViewController.swift in Sources */ = {isa = PBXBuildFile; fileRef = 5A32262D2726CDFB0032B8FD /* ViewController.swift */; };
		5A3226312726CDFB0032B8FD /* Main.storyboard in Resources */ = {isa = PBXBuildFile; fileRef = 5A32262F2726CDFB0032B8FD /* Main.storyboard */; };
		5A3226332726CE010032B8FD /* Assets.xcassets in Resources */ = {isa = PBXBuildFile; fileRef = 5A3226322726CE010032B8FD /* Assets.xcassets */; };
		5A3226362726CE010032B8FD /* LaunchScreen.storyboard in Resources */ = {isa = PBXBuildFile; fileRef = 5A3226342726CE010032B8FD /* LaunchScreen.storyboard */; };
		5A6D8E95272812270043D513 /* BannerTableViewCell.swift in Sources */ = {isa = PBXBuildFile; fileRef = 5A6D8E93272812270043D513 /* BannerTableViewCell.swift */; };
		5A6D8E96272812270043D513 /* BannerTableViewCell.xib in Resources */ = {isa = PBXBuildFile; fileRef = 5A6D8E94272812270043D513 /* BannerTableViewCell.xib */; };
		5ABBBC702727F17F005AAC13 /* productCell.swift in Sources */ = {isa = PBXBuildFile; fileRef = 5ABBBC6E2727F17F005AAC13 /* productCell.swift */; };
		5ABBBC712727F17F005AAC13 /* productCell.xib in Resources */ = {isa = PBXBuildFile; fileRef = 5ABBBC6F2727F17F005AAC13 /* productCell.xib */; };
		5ABBBC772727F8F0005AAC13 /* Resturant.swift in Sources */ = {isa = PBXBuildFile; fileRef = 5ABBBC762727F8F0005AAC13 /* Resturant.swift */; };
/* End PBXBuildFile section */

/* Begin PBXFileReference section */
		5A3226262726CDFB0032B8FD /* Baik.app */ = {isa = PBXFileReference; explicitFileType = wrapper.application; includeInIndex = 0; path = Baik.app; sourceTree = BUILT_PRODUCTS_DIR; };
		5A3226292726CDFB0032B8FD /* AppDelegate.swift */ = {isa = PBXFileReference; lastKnownFileType = sourcecode.swift; path = AppDelegate.swift; sourceTree = "<group>"; };
		5A32262B2726CDFB0032B8FD /* SceneDelegate.swift */ = {isa = PBXFileReference; lastKnownFileType = sourcecode.swift; path = SceneDelegate.swift; sourceTree = "<group>"; };
		5A32262D2726CDFB0032B8FD /* ViewController.swift */ = {isa = PBXFileReference; lastKnownFileType = sourcecode.swift; path = ViewController.swift; sourceTree = "<group>"; };
		5A3226302726CDFB0032B8FD /* Base */ = {isa = PBXFileReference; lastKnownFileType = file.storyboard; name = Base; path = Base.lproj/Main.storyboard; sourceTree = "<group>"; };
		5A3226322726CE010032B8FD /* Assets.xcassets */ = {isa = PBXFileReference; lastKnownFileType = folder.assetcatalog; path = Assets.xcassets; sourceTree = "<group>"; };
		5A3226352726CE010032B8FD /* Base */ = {isa = PBXFileReference; lastKnownFileType = file.storyboard; name = Base; path = Base.lproj/LaunchScreen.storyboard; sourceTree = "<group>"; };
		5A3226372726CE010032B8FD /* Info.plist */ = {isa = PBXFileReference; lastKnownFileType = text.plist.xml; path = Info.plist; sourceTree = "<group>"; };
		5A6D8E93272812270043D513 /* BannerTableViewCell.swift */ = {isa = PBXFileReference; lastKnownFileType = sourcecode.swift; path = BannerTableViewCell.swift; sourceTree = "<group>"; };
		5A6D8E94272812270043D513 /* BannerTableViewCell.xib */ = {isa = PBXFileReference; lastKnownFileType = file.xib; path = BannerTableViewCell.xib; sourceTree = "<group>"; };
		5ABBBC6E2727F17F005AAC13 /* productCell.swift */ = {isa = PBXFileReference; lastKnownFileType = sourcecode.swift; path = productCell.swift; sourceTree = "<group>"; };
		5ABBBC6F2727F17F005AAC13 /* productCell.xib */ = {isa = PBXFileReference; lastKnownFileType = file.xib; path = productCell.xib; sourceTree = "<group>"; };
		5ABBBC762727F8F0005AAC13 /* Resturant.swift */ = {isa = PBXFileReference; lastKnownFileType = sourcecode.swift; path = Resturant.swift; sourceTree = "<group>"; };
/* End PBXFileReference section */

/* Begin PBXFrameworksBuildPhase section */
		5A3226232726CDFB0032B8FD /* Frameworks */ = {
			isa = PBXFrameworksBuildPhase;
			buildActionMask = 2147483647;
			files = (
			);
			runOnlyForDeploymentPostprocessing = 0;
		};
/* End PBXFrameworksBuildPhase section */

/* Begin PBXGroup section */
		5A32261D2726CDFB0032B8FD = {
			isa = PBXGroup;
			children = (
				5A3226282726CDFB0032B8FD /* Baik */,
				5A3226272726CDFB0032B8FD /* Products */,
			);
			sourceTree = "<group>";
		};
		5A3226272726CDFB0032B8FD /* Products */ = {
			isa = PBXGroup;
			children = (
				5A3226262726CDFB0032B8FD /* Baik.app */,
			);
			name = Products;
			sourceTree = "<group>";
		};
		5A3226282726CDFB0032B8FD /* Baik */ = {
			isa = PBXGroup;
			children = (
				5A3226292726CDFB0032B8FD /* AppDelegate.swift */,
				5A32262B2726CDFB0032B8FD /* SceneDelegate.swift */,
				5A32262D2726CDFB0032B8FD /* ViewController.swift */,
				5ABBBC6E2727F17F005AAC13 /* productCell.swift */,
				5ABBBC762727F8F0005AAC13 /* Resturant.swift */,
				5A6D8E93272812270043D513 /* BannerTableViewCell.swift */,
				5A6D8E94272812270043D513 /* BannerTableViewCell.xib */,
				5ABBBC6F2727F17F005AAC13 /* productCell.xib */,
				5A32262F2726CDFB0032B8FD /* Main.storyboard */,
				5A3226342726CE010032B8FD /* LaunchScreen.storyboard */,
				5A3226322726CE010032B8FD /* Assets.xcassets */,
				5A3226372726CE010032B8FD /* Info.plist */,
			);
			path = Baik;
			sourceTree = "<group>";
		};
/* End PBXGroup section */

/* Begin PBXNativeTarget section */
		5A3226252726CDFB0032B8FD /* Baik */ = {
			isa = PBXNativeTarget;
			buildConfigurationList = 5A32263A2726CE010032B8FD /* Build configuration list for PBXNativeTarget "Baik" */;
			buildPhases = (
				5A3226222726CDFB0032B8FD /* Sources */,
				5A3226232726CDFB0032B8FD /* Frameworks */,
				5A3226242726CDFB0032B8FD /* Resources */,
			);
			buildRules = (
			);
			dependencies = (
			);
			name = Baik;
			productName = Baik;
			productReference = 5A3226262726CDFB0032B8FD /* Baik.app */;
			productType = "com.apple.product-type.application";
		};
/* End PBXNativeTarget section */

/* Begin PBXProject section */
		5A32261E2726CDFB0032B8FD /* Project object */ = {
			isa = PBXProject;
			attributes = {
				BuildIndependentTargetsInParallel = 1;
				LastSwiftUpdateCheck = 1300;
				LastUpgradeCheck = 1300;
				TargetAttributes = {
					5A3226252726CDFB0032B8FD = {
						CreatedOnToolsVersion = 13.0;
					};
				};
			};
			buildConfigurationList = 5A3226212726CDFB0032B8FD /* Build configuration list for PBXProject "Baik" */;
			compatibilityVersion = "Xcode 13.0";
			developmentRegion = en;
			hasScannedForEncodings = 0;
			knownRegions = (
				en,
				Base,
			);
			mainGroup = 5A32261D2726CDFB0032B8FD;
			productRefGroup = 5A3226272726CDFB0032B8FD /* Products */;
			projectDirPath = "";
			projectRoot = "";
			targets = (
				5A3226252726CDFB0032B8FD /* Baik */,
			);
		};
/* End PBXProject section */

/* Begin PBXResourcesBuildPhase section */
		5A3226242726CDFB0032B8FD /* Resources */ = {
			isa = PBXResourcesBuildPhase;
			buildActionMask = 2147483647;
			files = (
				5A3226362726CE010032B8FD /* LaunchScreen.storyboard in Resources */,
				5ABBBC712727F17F005AAC13 /* productCell.xib in Resources */,
				5A3226332726CE010032B8FD /* Assets.xcassets in Resources */,
				5A3226312726CDFB0032B8FD /* Main.storyboard in Resources */,
				5A6D8E96272812270043D513 /* BannerTableViewCell.xib in Resources */,
			);
			runOnlyForDeploymentPostprocessing = 0;
		};
/* End PBXResourcesBuildPhase section */

/* Begin PBXSourcesBuildPhase section */
		5A3226222726CDFB0032B8FD /* Sources */ = {
			isa = PBXSourcesBuildPhase;
			buildActionMask = 2147483647;
			files = (
				5A32262E2726CDFB0032B8FD /* ViewController.swift in Sources */,
				5ABBBC702727F17F005AAC13 /* productCell.swift in Sources */,
				5ABBBC772727F8F0005AAC13 /* Resturant.swift in Sources */,
				5A6D8E95272812270043D513 /* BannerTableViewCell.swift in Sources */,
				5A32262A2726CDFB0032B8FD /* AppDelegate.swift in Sources */,
				5A32262C2726CDFB0032B8FD /* SceneDelegate.swift in Sources */,
			);
			runOnlyForDeploymentPostprocessing = 0;
		};
/* End PBXSourcesBuildPhase section */

/* Begin PBXVariantGroup section */
		5A32262F2726CDFB0032B8FD /* Main.storyboard */ = {
			isa = PBXVariantGroup;
			children = (
				5A3226302726CDFB0032B8FD /* Base */,
			);
			name = Main.storyboard;
			sourceTree = "<group>";
		};
		5A3226342726CE010032B8FD /* LaunchScreen.storyboard */ = {
			isa = PBXVariantGroup;
			children = (
				5A3226352726CE010032B8FD /* Base */,
			);
			name = LaunchScreen.storyboard;
			sourceTree = "<group>";
		};
/* End PBXVariantGroup section */

/* Begin XCBuildConfiguration section */
		5A3226382726CE010032B8FD /* Debug */ = {
			isa = XCBuildConfiguration;
			buildSettings = {
				ALWAYS_SEARCH_USER_PATHS = NO;
				CLANG_ANALYZER_NONNULL = YES;
				CLANG_ANALYZER_NUMBER_OBJECT_CONVERSION = YES_AGGRESSIVE;
				CLANG_CXX_LANGUAGE_STANDARD = "gnu++17";
				CLANG_CXX_LIBRARY = "libc++";
				CLANG_ENABLE_MODULES = YES;
				CLANG_ENABLE_OBJC_ARC = YES;
				CLANG_ENABLE_OBJC_WEAK = YES;
				CLANG_WARN_BLOCK_CAPTURE_AUTORELEASING = YES;
				CLANG_WARN_BOOL_CONVERSION = YES;
				CLANG_WARN_COMMA = YES;
				CLANG_WARN_CONSTANT_CONVERSION = YES;
				CLANG_WARN_DEPRECATED_OBJC_IMPLEMENTATIONS = YES;
				CLANG_WARN_DIRECT_OBJC_ISA_USAGE = YES_ERROR;
				CLANG_WARN_DOCUMENTATION_COMMENTS = YES;
				CLANG_WARN_EMPTY_BODY = YES;
				CLANG_WARN_ENUM_CONVERSION = YES;
				CLANG_WARN_INFINITE_RECURSION = YES;
				CLANG_WARN_INT_CONVERSION = YES;
				CLANG_WARN_NON_LITERAL_NULL_CONVERSION = YES;
				CLANG_WARN_OBJC_IMPLICIT_RETAIN_SELF = YES;
				CLANG_WARN_OBJC_LITERAL_CONVERSION = YES;
				CLANG_WARN_OBJC_ROOT_CLASS = YES_ERROR;
				CLANG_WARN_QUOTED_INCLUDE_IN_FRAMEWORK_HEADER = YES;
				CLANG_WARN_RANGE_LOOP_ANALYSIS = YES;
				CLANG_WARN_STRICT_PROTOTYPES = YES;
				CLANG_WARN_SUSPICIOUS_MOVE = YES;
				CLANG_WARN_UNGUARDED_AVAILABILITY = YES_AGGRESSIVE;
				CLANG_WARN_UNREACHABLE_CODE = YES;
				CLANG_WARN__DUPLICATE_METHOD_MATCH = YES;
				COPY_PHASE_STRIP = NO;
				DEBUG_INFORMATION_FORMAT = dwarf;
				ENABLE_STRICT_OBJC_MSGSEND = YES;
				ENABLE_TESTABILITY = YES;
				GCC_C_LANGUAGE_STANDARD = gnu11;
				GCC_DYNAMIC_NO_PIC = NO;
				GCC_NO_COMMON_BLOCKS = YES;
				GCC_OPTIMIZATION_LEVEL = 0;
				GCC_PREPROCESSOR_DEFINITIONS = (
					"DEBUG=1",
					"$(inherited)",
				);
				GCC_WARN_64_TO_32_BIT_CONVERSION = YES;
				GCC_WARN_ABOUT_RETURN_TYPE = YES_ERROR;
				GCC_WARN_UNDECLARED_SELECTOR = YES;
				GCC_WARN_UNINITIALIZED_AUTOS = YES_AGGRESSIVE;
				GCC_WARN_UNUSED_FUNCTION = YES;
				GCC_WARN_UNUSED_VARIABLE = YES;
				IPHONEOS_DEPLOYMENT_TARGET = 15.0;
				MTL_ENABLE_DEBUG_INFO = INCLUDE_SOURCE;
				MTL_FAST_MATH = YES;
				ONLY_ACTIVE_ARCH = YES;
				SDKROOT = iphoneos;
				SWIFT_ACTIVE_COMPILATION_CONDITIONS = DEBUG;
				SWIFT_OPTIMIZATION_LEVEL = "-Onone";
			};
			name = Debug;
		};
		5A3226392726CE010032B8FD /* Release */ = {
			isa = XCBuildConfiguration;
			buildSettings = {
				ALWAYS_SEARCH_USER_PATHS = NO;
				CLANG_ANALYZER_NONNULL = YES;
				CLANG_ANALYZER_NUMBER_OBJECT_CONVERSION = YES_AGGRESSIVE;
				CLANG_CXX_LANGUAGE_STANDARD = "gnu++17";
				CLANG_CXX_LIBRARY = "libc++";
				CLANG_ENABLE_MODULES = YES;
				CLANG_ENABLE_OBJC_ARC = YES;
				CLANG_ENABLE_OBJC_WEAK = YES;
				CLANG_WARN_BLOCK_CAPTURE_AUTORELEASING = YES;
				CLANG_WARN_BOOL_CONVERSION = YES;
				CLANG_WARN_COMMA = YES;
				CLANG_WARN_CONSTANT_CONVERSION = YES;
				CLANG_WARN_DEPRECATED_OBJC_IMPLEMENTATIONS = YES;
				CLANG_WARN_DIRECT_OBJC_ISA_USAGE = YES_ERROR;
				CLANG_WARN_DOCUMENTATION_COMMENTS = YES;
				CLANG_WARN_EMPTY_BODY = YES;
				CLANG_WARN_ENUM_CONVERSION = YES;
				CLANG_WARN_INFINITE_RECURSION = YES;
				CLANG_WARN_INT_CONVERSION = YES;
				CLANG_WARN_NON_LITERAL_NULL_CONVERSION = YES;
				CLANG_WARN_OBJC_IMPLICIT_RETAIN_SELF = YES;
				CLANG_WARN_OBJC_LITERAL_CONVERSION = YES;
				CLANG_WARN_OBJC_ROOT_CLASS = YES_ERROR;
				CLANG_WARN_QUOTED_INCLUDE_IN_FRAMEWORK_HEADER = YES;
				CLANG_WARN_RANGE_LOOP_ANALYSIS = YES;
				CLANG_WARN_STRICT_PROTOTYPES = YES;
				CLANG_WARN_SUSPICIOUS_MOVE = YES;
				CLANG_WARN_UNGUARDED_AVAILABILITY = YES_AGGRESSIVE;
				CLANG_WARN_UNREACHABLE_CODE = YES;
				CLANG_WARN__DUPLICATE_METHOD_MATCH = YES;
				COPY_PHASE_STRIP = NO;
				DEBUG_INFORMATION_FORMAT = "dwarf-with-dsym";
				ENABLE_NS_ASSERTIONS = NO;
				ENABLE_STRICT_OBJC_MSGSEND = YES;
				GCC_C_LANGUAGE_STANDARD = gnu11;
				GCC_NO_COMMON_BLOCKS = YES;
				GCC_WARN_64_TO_32_BIT_CONVERSION = YES;
				GCC_WARN_ABOUT_RETURN_TYPE = YES_ERROR;
				GCC_WARN_UNDECLARED_SELECTOR = YES;
				GCC_WARN_UNINITIALIZED_AUTOS = YES_AGGRESSIVE;
				GCC_WARN_UNUSED_FUNCTION = YES;
				GCC_WARN_UNUSED_VARIABLE = YES;
				IPHONEOS_DEPLOYMENT_TARGET = 15.0;
				MTL_ENABLE_DEBUG_INFO = NO;
				MTL_FAST_MATH = YES;
				SDKROOT = iphoneos;
				SWIFT_COMPILATION_MODE = wholemodule;
				SWIFT_OPTIMIZATION_LEVEL = "-O";
				VALIDATE_PRODUCT = YES;
			};
			name = Release;
		};
		5A32263B2726CE010032B8FD /* Debug */ = {
			isa = XCBuildConfiguration;
			buildSettings = {
				ASSETCATALOG_COMPILER_APPICON_NAME = AppIcon;
				ASSETCATALOG_COMPILER_GLOBAL_ACCENT_COLOR_NAME = AccentColor;
				CODE_SIGN_STYLE = Automatic;
				CURRENT_PROJECT_VERSION = 1;
				DEVELOPMENT_TEAM = TS4PZ2XB23;
				GENERATE_INFOPLIST_FILE = YES;
				INFOPLIST_FILE = Baik/Info.plist;
				INFOPLIST_KEY_UIApplicationSupportsIndirectInputEvents = YES;
				INFOPLIST_KEY_UILaunchStoryboardName = LaunchScreen;
				INFOPLIST_KEY_UIMainStoryboardFile = Main;
				INFOPLIST_KEY_UISupportedInterfaceOrientations_iPad = "UIInterfaceOrientationPortrait UIInterfaceOrientationPortraitUpsideDown UIInterfaceOrientationLandscapeLeft UIInterfaceOrientationLandscapeRight";
				INFOPLIST_KEY_UISupportedInterfaceOrientations_iPhone = "UIInterfaceOrientationPortrait UIInterfaceOrientationLandscapeLeft UIInterfaceOrientationLandscapeRight";
				LD_RUNPATH_SEARCH_PATHS = (
					"$(inherited)",
					"@executable_path/Frameworks",
				);
				MARKETING_VERSION = 1.0;
				PRODUCT_BUNDLE_IDENTIFIER = Mohammad.Alsharif.Baik;
				PRODUCT_NAME = "$(TARGET_NAME)";
				SWIFT_EMIT_LOC_STRINGS = YES;
				SWIFT_VERSION = 5.0;
				TARGETED_DEVICE_FAMILY = "1,2";
			};
			name = Debug;
		};
		5A32263C2726CE010032B8FD /* Release */ = {
			isa = XCBuildConfiguration;
			buildSettings = {
				ASSETCATALOG_COMPILER_APPICON_NAME = AppIcon;
				ASSETCATALOG_COMPILER_GLOBAL_ACCENT_COLOR_NAME = AccentColor;
				CODE_SIGN_STYLE = Automatic;
				CURRENT_PROJECT_VERSION = 1;
				DEVELOPMENT_TEAM = TS4PZ2XB23;
				GENERATE_INFOPLIST_FILE = YES;
				INFOPLIST_FILE = Baik/Info.plist;
				INFOPLIST_KEY_UIApplicationSupportsIndirectInputEvents = YES;
				INFOPLIST_KEY_UILaunchStoryboardName = LaunchScreen;
				INFOPLIST_KEY_UIMainStoryboardFile = Main;
				INFOPLIST_KEY_UISupportedInterfaceOrientations_iPad = "UIInterfaceOrientationPortrait UIInterfaceOrientationPortraitUpsideDown UIInterfaceOrientationLandscapeLeft UIInterfaceOrientationLandscapeRight";
				INFOPLIST_KEY_UISupportedInterfaceOrientations_iPhone = "UIInterfaceOrientationPortrait UIInterfaceOrientationLandscapeLeft UIInterfaceOrientationLandscapeRight";
				LD_RUNPATH_SEARCH_PATHS = (
					"$(inherited)",
					"@executable_path/Frameworks",
				);
				MARKETING_VERSION = 1.0;
				PRODUCT_BUNDLE_IDENTIFIER = Mohammad.Alsharif.Baik;
				PRODUCT_NAME = "$(TARGET_NAME)";
				SWIFT_EMIT_LOC_STRINGS = YES;
				SWIFT_VERSION = 5.0;
				TARGETED_DEVICE_FAMILY = "1,2";
			};
			name = Release;
		};
/* End XCBuildConfiguration section */

/* Begin XCConfigurationList section */
		5A3226212726CDFB0032B8FD /* Build configuration list for PBXProject "Baik" */ = {
			isa = XCConfigurationList;
			buildConfigurations = (
				5A3226382726CE010032B8FD /* Debug */,
				5A3226392726CE010032B8FD /* Release */,
			);
			defaultConfigurationIsVisible = 0;
			defaultConfigurationName = Release;
		};
		5A32263A2726CE010032B8FD /* Build configuration list for PBXNativeTarget "Baik" */ = {
			isa = XCConfigurationList;
			buildConfigurations = (
				5A32263B2726CE010032B8FD /* Debug */,
				5A32263C2726CE010032B8FD /* Release */,
			);
			defaultConfigurationIsVisible = 0;
			defaultConfigurationName = Release;
		};
/* End XCConfigurationList section */
	};
	rootObject = 5A32261E2726CDFB0032B8FD /* Project object */;
}
