// !$*UTF8*$!
{
	archiveVersion = 1;
	classes = {
	};
	objectVersion = 55;
	objects = {

/* Begin PBXBuildFile section */
		43D214FF27281CB90063EE7E /* AppDelegate.swift in Sources */ = {isa = PBXBuildFile; fileRef = 43D214FE27281CB90063EE7E /* AppDelegate.swift */; };
		43D2150127281CB90063EE7E /* SceneDelegate.swift in Sources */ = {isa = PBXBuildFile; fileRef = 43D2150027281CB90063EE7E /* SceneDelegate.swift */; };
		43D2150327281CB90063EE7E /* ViewController.swift in Sources */ = {isa = PBXBuildFile; fileRef = 43D2150227281CB90063EE7E /* ViewController.swift */; };
		43D2150627281CB90063EE7E /* Main.storyboard in Resources */ = {isa = PBXBuildFile; fileRef = 43D2150427281CB90063EE7E /* Main.storyboard */; };
		43D2150827281CBA0063EE7E /* Assets.xcassets in Resources */ = {isa = PBXBuildFile; fileRef = 43D2150727281CBA0063EE7E /* Assets.xcassets */; };
		43D2150B27281CBA0063EE7E /* LaunchScreen.storyboard in Resources */ = {isa = PBXBuildFile; fileRef = 43D2150927281CBA0063EE7E /* LaunchScreen.storyboard */; };
		43D2151727281CD90063EE7E /* BannerCellTableViewCell.swift in Sources */ = {isa = PBXBuildFile; fileRef = 43D2151227281CD90063EE7E /* BannerCellTableViewCell.swift */; };
		43D2151827281CD90063EE7E /* Restraunat.swift in Sources */ = {isa = PBXBuildFile; fileRef = 43D2151327281CD90063EE7E /* Restraunat.swift */; };
		43D2151927281CD90063EE7E /* BannerCellTableViewCell.xib in Resources */ = {isa = PBXBuildFile; fileRef = 43D2151427281CD90063EE7E /* BannerCellTableViewCell.xib */; };
		43D2151A27281CD90063EE7E /* ProuductCell.swift in Sources */ = {isa = PBXBuildFile; fileRef = 43D2151527281CD90063EE7E /* ProuductCell.swift */; };
		43D2151B27281CD90063EE7E /* ProuductCell.xib in Resources */ = {isa = PBXBuildFile; fileRef = 43D2151627281CD90063EE7E /* ProuductCell.xib */; };
/* End PBXBuildFile section */

/* Begin PBXFileReference section */
		43D214FB27281CB90063EE7E /* AlBaik.app */ = {isa = PBXFileReference; explicitFileType = wrapper.application; includeInIndex = 0; path = AlBaik.app; sourceTree = BUILT_PRODUCTS_DIR; };
		43D214FE27281CB90063EE7E /* AppDelegate.swift */ = {isa = PBXFileReference; lastKnownFileType = sourcecode.swift; path = AppDelegate.swift; sourceTree = "<group>"; };
		43D2150027281CB90063EE7E /* SceneDelegate.swift */ = {isa = PBXFileReference; lastKnownFileType = sourcecode.swift; path = SceneDelegate.swift; sourceTree = "<group>"; };
		43D2150227281CB90063EE7E /* ViewController.swift */ = {isa = PBXFileReference; lastKnownFileType = sourcecode.swift; path = ViewController.swift; sourceTree = "<group>"; };
		43D2150527281CB90063EE7E /* Base */ = {isa = PBXFileReference; lastKnownFileType = file.storyboard; name = Base; path = Base.lproj/Main.storyboard; sourceTree = "<group>"; };
		43D2150727281CBA0063EE7E /* Assets.xcassets */ = {isa = PBXFileReference; lastKnownFileType = folder.assetcatalog; path = Assets.xcassets; sourceTree = "<group>"; };
		43D2150A27281CBA0063EE7E /* Base */ = {isa = PBXFileReference; lastKnownFileType = file.storyboard; name = Base; path = Base.lproj/LaunchScreen.storyboard; sourceTree = "<group>"; };
		43D2150C27281CBA0063EE7E /* Info.plist */ = {isa = PBXFileReference; lastKnownFileType = text.plist.xml; path = Info.plist; sourceTree = "<group>"; };
		43D2151227281CD90063EE7E /* BannerCellTableViewCell.swift */ = {isa = PBXFileReference; fileEncoding = 4; lastKnownFileType = sourcecode.swift; path = BannerCellTableViewCell.swift; sourceTree = "<group>"; };
		43D2151327281CD90063EE7E /* Restraunat.swift */ = {isa = PBXFileReference; fileEncoding = 4; lastKnownFileType = sourcecode.swift; path = Restraunat.swift; sourceTree = "<group>"; };
		43D2151427281CD90063EE7E /* BannerCellTableViewCell.xib */ = {isa = PBXFileReference; fileEncoding = 4; lastKnownFileType = file.xib; path = BannerCellTableViewCell.xib; sourceTree = "<group>"; };
		43D2151527281CD90063EE7E /* ProuductCell.swift */ = {isa = PBXFileReference; fileEncoding = 4; lastKnownFileType = sourcecode.swift; path = ProuductCell.swift; sourceTree = "<group>"; };
		43D2151627281CD90063EE7E /* ProuductCell.xib */ = {isa = PBXFileReference; fileEncoding = 4; lastKnownFileType = file.xib; path = ProuductCell.xib; sourceTree = "<group>"; };
/* End PBXFileReference section */

/* Begin PBXFrameworksBuildPhase section */
		43D214F827281CB90063EE7E /* Frameworks */ = {
			isa = PBXFrameworksBuildPhase;
			buildActionMask = 2147483647;
			files = (
			);
			runOnlyForDeploymentPostprocessing = 0;
		};
/* End PBXFrameworksBuildPhase section */

/* Begin PBXGroup section */
		43D214F227281CB90063EE7E = {
			isa = PBXGroup;
			children = (
				43D214FD27281CB90063EE7E /* AlBaik */,
				43D214FC27281CB90063EE7E /* Products */,
			);
			sourceTree = "<group>";
		};
		43D214FC27281CB90063EE7E /* Products */ = {
			isa = PBXGroup;
			children = (
				43D214FB27281CB90063EE7E /* AlBaik.app */,
			);
			name = Products;
			sourceTree = "<group>";
		};
		43D214FD27281CB90063EE7E /* AlBaik */ = {
			isa = PBXGroup;
			children = (
				43D214FE27281CB90063EE7E /* AppDelegate.swift */,
				43D2150027281CB90063EE7E /* SceneDelegate.swift */,
				43D2150227281CB90063EE7E /* ViewController.swift */,
				43D2150427281CB90063EE7E /* Main.storyboard */,
				43D2150727281CBA0063EE7E /* Assets.xcassets */,
				43D2150927281CBA0063EE7E /* LaunchScreen.storyboard */,
				43D2150C27281CBA0063EE7E /* Info.plist */,
				43D2151227281CD90063EE7E /* BannerCellTableViewCell.swift */,
				43D2151427281CD90063EE7E /* BannerCellTableViewCell.xib */,
				43D2151527281CD90063EE7E /* ProuductCell.swift */,
				43D2151627281CD90063EE7E /* ProuductCell.xib */,
				43D2151327281CD90063EE7E /* Restraunat.swift */,
			);
			path = AlBaik;
			sourceTree = "<group>";
		};
/* End PBXGroup section */

/* Begin PBXNativeTarget section */
		43D214FA27281CB90063EE7E /* AlBaik */ = {
			isa = PBXNativeTarget;
			buildConfigurationList = 43D2150F27281CBA0063EE7E /* Build configuration list for PBXNativeTarget "AlBaik" */;
			buildPhases = (
				43D214F727281CB90063EE7E /* Sources */,
				43D214F827281CB90063EE7E /* Frameworks */,
				43D214F927281CB90063EE7E /* Resources */,
			);
			buildRules = (
			);
			dependencies = (
			);
			name = AlBaik;
			productName = AlBaik;
			productReference = 43D214FB27281CB90063EE7E /* AlBaik.app */;
			productType = "com.apple.product-type.application";
		};
/* End PBXNativeTarget section */

/* Begin PBXProject section */
		43D214F327281CB90063EE7E /* Project object */ = {
			isa = PBXProject;
			attributes = {
				BuildIndependentTargetsInParallel = 1;
				LastSwiftUpdateCheck = 1300;
				LastUpgradeCheck = 1300;
				TargetAttributes = {
					43D214FA27281CB90063EE7E = {
						CreatedOnToolsVersion = 13.0;
					};
				};
			};
			buildConfigurationList = 43D214F627281CB90063EE7E /* Build configuration list for PBXProject "AlBaik" */;
			compatibilityVersion = "Xcode 13.0";
			developmentRegion = en;
			hasScannedForEncodings = 0;
			knownRegions = (
				en,
				Base,
			);
			mainGroup = 43D214F227281CB90063EE7E;
			productRefGroup = 43D214FC27281CB90063EE7E /* Products */;
			projectDirPath = "";
			projectRoot = "";
			targets = (
				43D214FA27281CB90063EE7E /* AlBaik */,
			);
		};
/* End PBXProject section */

/* Begin PBXResourcesBuildPhase section */
		43D214F927281CB90063EE7E /* Resources */ = {
			isa = PBXResourcesBuildPhase;
			buildActionMask = 2147483647;
			files = (
				43D2151B27281CD90063EE7E /* ProuductCell.xib in Resources */,
				43D2150B27281CBA0063EE7E /* LaunchScreen.storyboard in Resources */,
				43D2151927281CD90063EE7E /* BannerCellTableViewCell.xib in Resources */,
				43D2150827281CBA0063EE7E /* Assets.xcassets in Resources */,
				43D2150627281CB90063EE7E /* Main.storyboard in Resources */,
			);
			runOnlyForDeploymentPostprocessing = 0;
		};
/* End PBXResourcesBuildPhase section */

/* Begin PBXSourcesBuildPhase section */
		43D214F727281CB90063EE7E /* Sources */ = {
			isa = PBXSourcesBuildPhase;
			buildActionMask = 2147483647;
			files = (
				43D2150327281CB90063EE7E /* ViewController.swift in Sources */,
				43D2151827281CD90063EE7E /* Restraunat.swift in Sources */,
				43D2151727281CD90063EE7E /* BannerCellTableViewCell.swift in Sources */,
				43D2151A27281CD90063EE7E /* ProuductCell.swift in Sources */,
				43D214FF27281CB90063EE7E /* AppDelegate.swift in Sources */,
				43D2150127281CB90063EE7E /* SceneDelegate.swift in Sources */,
			);
			runOnlyForDeploymentPostprocessing = 0;
		};
/* End PBXSourcesBuildPhase section */

/* Begin PBXVariantGroup section */
		43D2150427281CB90063EE7E /* Main.storyboard */ = {
			isa = PBXVariantGroup;
			children = (
				43D2150527281CB90063EE7E /* Base */,
			);
			name = Main.storyboard;
			sourceTree = "<group>";
		};
		43D2150927281CBA0063EE7E /* LaunchScreen.storyboard */ = {
			isa = PBXVariantGroup;
			children = (
				43D2150A27281CBA0063EE7E /* Base */,
			);
			name = LaunchScreen.storyboard;
			sourceTree = "<group>";
		};
/* End PBXVariantGroup section */

/* Begin XCBuildConfiguration section */
		43D2150D27281CBA0063EE7E /* Debug */ = {
			isa = XCBuildConfiguration;
			buildSettings = {
				ALWAYS_SEARCH_USER_PATHS = NO;
				CLANG_ANALYZER_NONNULL = YES;
				CLANG_ANALYZER_NUMBER_OBJECT_CONVERSION = YES_AGGRESSIVE;
				CLANG_CXX_LANGUAGE_STANDARD = "gnu++17";
				CLANG_CXX_LIBRARY = "libc++";
				CLANG_ENABLE_MODULES = YES;
				CLANG_ENABLE_OBJC_ARC = YES;
				CLANG_ENABLE_OBJC_WEAK = YES;
				CLANG_WARN_BLOCK_CAPTURE_AUTORELEASING = YES;
				CLANG_WARN_BOOL_CONVERSION = YES;
				CLANG_WARN_COMMA = YES;
				CLANG_WARN_CONSTANT_CONVERSION = YES;
				CLANG_WARN_DEPRECATED_OBJC_IMPLEMENTATIONS = YES;
				CLANG_WARN_DIRECT_OBJC_ISA_USAGE = YES_ERROR;
				CLANG_WARN_DOCUMENTATION_COMMENTS = YES;
				CLANG_WARN_EMPTY_BODY = YES;
				CLANG_WARN_ENUM_CONVERSION = YES;
				CLANG_WARN_INFINITE_RECURSION = YES;
				CLANG_WARN_INT_CONVERSION = YES;
				CLANG_WARN_NON_LITERAL_NULL_CONVERSION = YES;
				CLANG_WARN_OBJC_IMPLICIT_RETAIN_SELF = YES;
				CLANG_WARN_OBJC_LITERAL_CONVERSION = YES;
				CLANG_WARN_OBJC_ROOT_CLASS = YES_ERROR;
				CLANG_WARN_QUOTED_INCLUDE_IN_FRAMEWORK_HEADER = YES;
				CLANG_WARN_RANGE_LOOP_ANALYSIS = YES;
				CLANG_WARN_STRICT_PROTOTYPES = YES;
				CLANG_WARN_SUSPICIOUS_MOVE = YES;
				CLANG_WARN_UNGUARDED_AVAILABILITY = YES_AGGRESSIVE;
				CLANG_WARN_UNREACHABLE_CODE = YES;
				CLANG_WARN__DUPLICATE_METHOD_MATCH = YES;
				COPY_PHASE_STRIP = NO;
				DEBUG_INFORMATION_FORMAT = dwarf;
				ENABLE_STRICT_OBJC_MSGSEND = YES;
				ENABLE_TESTABILITY = YES;
				GCC_C_LANGUAGE_STANDARD = gnu11;
				GCC_DYNAMIC_NO_PIC = NO;
				GCC_NO_COMMON_BLOCKS = YES;
				GCC_OPTIMIZATION_LEVEL = 0;
				GCC_PREPROCESSOR_DEFINITIONS = (
					"DEBUG=1",
					"$(inherited)",
				);
				GCC_WARN_64_TO_32_BIT_CONVERSION = YES;
				GCC_WARN_ABOUT_RETURN_TYPE = YES_ERROR;
				GCC_WARN_UNDECLARED_SELECTOR = YES;
				GCC_WARN_UNINITIALIZED_AUTOS = YES_AGGRESSIVE;
				GCC_WARN_UNUSED_FUNCTION = YES;
				GCC_WARN_UNUSED_VARIABLE = YES;
				IPHONEOS_DEPLOYMENT_TARGET = 15.0;
				MTL_ENABLE_DEBUG_INFO = INCLUDE_SOURCE;
				MTL_FAST_MATH = YES;
				ONLY_ACTIVE_ARCH = YES;
				SDKROOT = iphoneos;
				SWIFT_ACTIVE_COMPILATION_CONDITIONS = DEBUG;
				SWIFT_OPTIMIZATION_LEVEL = "-Onone";
			};
			name = Debug;
		};
		43D2150E27281CBA0063EE7E /* Release */ = {
			isa = XCBuildConfiguration;
			buildSettings = {
				ALWAYS_SEARCH_USER_PATHS = NO;
				CLANG_ANALYZER_NONNULL = YES;
				CLANG_ANALYZER_NUMBER_OBJECT_CONVERSION = YES_AGGRESSIVE;
				CLANG_CXX_LANGUAGE_STANDARD = "gnu++17";
				CLANG_CXX_LIBRARY = "libc++";
				CLANG_ENABLE_MODULES = YES;
				CLANG_ENABLE_OBJC_ARC = YES;
				CLANG_ENABLE_OBJC_WEAK = YES;
				CLANG_WARN_BLOCK_CAPTURE_AUTORELEASING = YES;
				CLANG_WARN_BOOL_CONVERSION = YES;
				CLANG_WARN_COMMA = YES;
				CLANG_WARN_CONSTANT_CONVERSION = YES;
				CLANG_WARN_DEPRECATED_OBJC_IMPLEMENTATIONS = YES;
				CLANG_WARN_DIRECT_OBJC_ISA_USAGE = YES_ERROR;
				CLANG_WARN_DOCUMENTATION_COMMENTS = YES;
				CLANG_WARN_EMPTY_BODY = YES;
				CLANG_WARN_ENUM_CONVERSION = YES;
				CLANG_WARN_INFINITE_RECURSION = YES;
				CLANG_WARN_INT_CONVERSION = YES;
				CLANG_WARN_NON_LITERAL_NULL_CONVERSION = YES;
				CLANG_WARN_OBJC_IMPLICIT_RETAIN_SELF = YES;
				CLANG_WARN_OBJC_LITERAL_CONVERSION = YES;
				CLANG_WARN_OBJC_ROOT_CLASS = YES_ERROR;
				CLANG_WARN_QUOTED_INCLUDE_IN_FRAMEWORK_HEADER = YES;
				CLANG_WARN_RANGE_LOOP_ANALYSIS = YES;
				CLANG_WARN_STRICT_PROTOTYPES = YES;
				CLANG_WARN_SUSPICIOUS_MOVE = YES;
				CLANG_WARN_UNGUARDED_AVAILABILITY = YES_AGGRESSIVE;
				CLANG_WARN_UNREACHABLE_CODE = YES;
				CLANG_WARN__DUPLICATE_METHOD_MATCH = YES;
				COPY_PHASE_STRIP = NO;
				DEBUG_INFORMATION_FORMAT = "dwarf-with-dsym";
				ENABLE_NS_ASSERTIONS = NO;
				ENABLE_STRICT_OBJC_MSGSEND = YES;
				GCC_C_LANGUAGE_STANDARD = gnu11;
				GCC_NO_COMMON_BLOCKS = YES;
				GCC_WARN_64_TO_32_BIT_CONVERSION = YES;
				GCC_WARN_ABOUT_RETURN_TYPE = YES_ERROR;
				GCC_WARN_UNDECLARED_SELECTOR = YES;
				GCC_WARN_UNINITIALIZED_AUTOS = YES_AGGRESSIVE;
				GCC_WARN_UNUSED_FUNCTION = YES;
				GCC_WARN_UNUSED_VARIABLE = YES;
				IPHONEOS_DEPLOYMENT_TARGET = 15.0;
				MTL_ENABLE_DEBUG_INFO = NO;
				MTL_FAST_MATH = YES;
				SDKROOT = iphoneos;
				SWIFT_COMPILATION_MODE = wholemodule;
				SWIFT_OPTIMIZATION_LEVEL = "-O";
				VALIDATE_PRODUCT = YES;
			};
			name = Release;
		};
		43D2151027281CBA0063EE7E /* Debug */ = {
			isa = XCBuildConfiguration;
			buildSettings = {
				ASSETCATALOG_COMPILER_APPICON_NAME = AppIcon;
				ASSETCATALOG_COMPILER_GLOBAL_ACCENT_COLOR_NAME = AccentColor;
				CODE_SIGN_STYLE = Automatic;
				CURRENT_PROJECT_VERSION = 1;
				GENERATE_INFOPLIST_FILE = YES;
				INFOPLIST_FILE = AlBaik/Info.plist;
				INFOPLIST_KEY_UIApplicationSupportsIndirectInputEvents = YES;
				INFOPLIST_KEY_UILaunchStoryboardName = LaunchScreen;
				INFOPLIST_KEY_UIMainStoryboardFile = Main;
				INFOPLIST_KEY_UISupportedInterfaceOrientations_iPad = "UIInterfaceOrientationPortrait UIInterfaceOrientationPortraitUpsideDown UIInterfaceOrientationLandscapeLeft UIInterfaceOrientationLandscapeRight";
				INFOPLIST_KEY_UISupportedInterfaceOrientations_iPhone = "UIInterfaceOrientationPortrait UIInterfaceOrientationLandscapeLeft UIInterfaceOrientationLandscapeRight";
				LD_RUNPATH_SEARCH_PATHS = (
					"$(inherited)",
					"@executable_path/Frameworks",
				);
				MARKETING_VERSION = 1.0;
				PRODUCT_BUNDLE_IDENTIFIER = con.google.testapp.AlBaik;
				PRODUCT_NAME = "$(TARGET_NAME)";
				SWIFT_EMIT_LOC_STRINGS = YES;
				SWIFT_VERSION = 5.0;
				TARGETED_DEVICE_FAMILY = "1,2";
			};
			name = Debug;
		};
		43D2151127281CBA0063EE7E /* Release */ = {
			isa = XCBuildConfiguration;
			buildSettings = {
				ASSETCATALOG_COMPILER_APPICON_NAME = AppIcon;
				ASSETCATALOG_COMPILER_GLOBAL_ACCENT_COLOR_NAME = AccentColor;
				CODE_SIGN_STYLE = Automatic;
				CURRENT_PROJECT_VERSION = 1;
				GENERATE_INFOPLIST_FILE = YES;
				INFOPLIST_FILE = AlBaik/Info.plist;
				INFOPLIST_KEY_UIApplicationSupportsIndirectInputEvents = YES;
				INFOPLIST_KEY_UILaunchStoryboardName = LaunchScreen;
				INFOPLIST_KEY_UIMainStoryboardFile = Main;
				INFOPLIST_KEY_UISupportedInterfaceOrientations_iPad = "UIInterfaceOrientationPortrait UIInterfaceOrientationPortraitUpsideDown UIInterfaceOrientationLandscapeLeft UIInterfaceOrientationLandscapeRight";
				INFOPLIST_KEY_UISupportedInterfaceOrientations_iPhone = "UIInterfaceOrientationPortrait UIInterfaceOrientationLandscapeLeft UIInterfaceOrientationLandscapeRight";
				LD_RUNPATH_SEARCH_PATHS = (
					"$(inherited)",
					"@executable_path/Frameworks",
				);
				MARKETING_VERSION = 1.0;
				PRODUCT_BUNDLE_IDENTIFIER = con.google.testapp.AlBaik;
				PRODUCT_NAME = "$(TARGET_NAME)";
				SWIFT_EMIT_LOC_STRINGS = YES;
				SWIFT_VERSION = 5.0;
				TARGETED_DEVICE_FAMILY = "1,2";
			};
			name = Release;
		};
/* End XCBuildConfiguration section */

/* Begin XCConfigurationList section */
		43D214F627281CB90063EE7E /* Build configuration list for PBXProject "AlBaik" */ = {
			isa = XCConfigurationList;
			buildConfigurations = (
				43D2150D27281CBA0063EE7E /* Debug */,
				43D2150E27281CBA0063EE7E /* Release */,
			);
			defaultConfigurationIsVisible = 0;
			defaultConfigurationName = Release;
		};
		43D2150F27281CBA0063EE7E /* Build configuration list for PBXNativeTarget "AlBaik" */ = {
			isa = XCConfigurationList;
			buildConfigurations = (
				43D2151027281CBA0063EE7E /* Debug */,
				43D2151127281CBA0063EE7E /* Release */,
			);
			defaultConfigurationIsVisible = 0;
			defaultConfigurationName = Release;
		};
/* End XCConfigurationList section */
	};
	rootObject = 43D214F327281CB90063EE7E /* Project object */;
}
