// !$*UTF8*$!
{
	archiveVersion = 1;
	classes = {
	};
	objectVersion = 55;
	objects = {

/* Begin PBXBuildFile section */
		C59F2C632726CE8C00A222EA /* AppDelegate.swift in Sources */ = {isa = PBXBuildFile; fileRef = C59F2C622726CE8C00A222EA /* AppDelegate.swift */; };
		C59F2C652726CE8C00A222EA /* SceneDelegate.swift in Sources */ = {isa = PBXBuildFile; fileRef = C59F2C642726CE8C00A222EA /* SceneDelegate.swift */; };
		C59F2C6A2726CE8C00A222EA /* Main.storyboard in Resources */ = {isa = PBXBuildFile; fileRef = C59F2C682726CE8C00A222EA /* Main.storyboard */; };
		C59F2C6C2726CE8D00A222EA /* Assets.xcassets in Resources */ = {isa = PBXBuildFile; fileRef = C59F2C6B2726CE8D00A222EA /* Assets.xcassets */; };
		C59F2C6F2726CE8D00A222EA /* LaunchScreen.storyboard in Resources */ = {isa = PBXBuildFile; fileRef = C59F2C6D2726CE8D00A222EA /* LaunchScreen.storyboard */; };
		C59F2C942727F0CE00A222EA /* bennerCell.swift in Sources */ = {isa = PBXBuildFile; fileRef = C59F2C922727F0CE00A222EA /* bennerCell.swift */; };
		C59F2C952727F0CE00A222EA /* bennerCell.xib in Resources */ = {isa = PBXBuildFile; fileRef = C59F2C932727F0CE00A222EA /* bennerCell.xib */; };
		C59F2C982727F2A500A222EA /* Product.swift in Sources */ = {isa = PBXBuildFile; fileRef = C59F2C962727F2A500A222EA /* Product.swift */; };
		C59F2C992727F2A500A222EA /* Product.xib in Resources */ = {isa = PBXBuildFile; fileRef = C59F2C972727F2A500A222EA /* Product.xib */; };
		C59F2CA12727FA1200A222EA /* Reasturant.swift in Sources */ = {isa = PBXBuildFile; fileRef = C59F2CA02727FA1200A222EA /* Reasturant.swift */; };
/* End PBXBuildFile section */

/* Begin PBXFileReference section */
		C59F2C5F2726CE8C00A222EA /* cat class 6.app */ = {isa = PBXFileReference; explicitFileType = wrapper.application; includeInIndex = 0; path = "cat class 6.app"; sourceTree = BUILT_PRODUCTS_DIR; };
		C59F2C622726CE8C00A222EA /* AppDelegate.swift */ = {isa = PBXFileReference; lastKnownFileType = sourcecode.swift; path = AppDelegate.swift; sourceTree = "<group>"; };
		C59F2C642726CE8C00A222EA /* SceneDelegate.swift */ = {isa = PBXFileReference; lastKnownFileType = sourcecode.swift; path = SceneDelegate.swift; sourceTree = "<group>"; };
		C59F2C692726CE8C00A222EA /* Base */ = {isa = PBXFileReference; lastKnownFileType = file.storyboard; name = Base; path = Base.lproj/Main.storyboard; sourceTree = "<group>"; };
		C59F2C6B2726CE8D00A222EA /* Assets.xcassets */ = {isa = PBXFileReference; lastKnownFileType = folder.assetcatalog; path = Assets.xcassets; sourceTree = "<group>"; };
		C59F2C6E2726CE8D00A222EA /* Base */ = {isa = PBXFileReference; lastKnownFileType = file.storyboard; name = Base; path = Base.lproj/LaunchScreen.storyboard; sourceTree = "<group>"; };
		C59F2C702726CE8D00A222EA /* Info.plist */ = {isa = PBXFileReference; lastKnownFileType = text.plist.xml; path = Info.plist; sourceTree = "<group>"; };
		C59F2C922727F0CE00A222EA /* bennerCell.swift */ = {isa = PBXFileReference; lastKnownFileType = sourcecode.swift; path = bennerCell.swift; sourceTree = "<group>"; };
		C59F2C932727F0CE00A222EA /* bennerCell.xib */ = {isa = PBXFileReference; lastKnownFileType = file.xib; path = bennerCell.xib; sourceTree = "<group>"; };
		C59F2C962727F2A500A222EA /* Product.swift */ = {isa = PBXFileReference; lastKnownFileType = sourcecode.swift; path = Product.swift; sourceTree = "<group>"; };
		C59F2C972727F2A500A222EA /* Product.xib */ = {isa = PBXFileReference; lastKnownFileType = file.xib; path = Product.xib; sourceTree = "<group>"; };
		C59F2CA02727FA1200A222EA /* Reasturant.swift */ = {isa = PBXFileReference; lastKnownFileType = sourcecode.swift; path = Reasturant.swift; sourceTree = "<group>"; };
/* End PBXFileReference section */

/* Begin PBXFrameworksBuildPhase section */
		C59F2C5C2726CE8C00A222EA /* Frameworks */ = {
			isa = PBXFrameworksBuildPhase;
			buildActionMask = 2147483647;
			files = (
			);
			runOnlyForDeploymentPostprocessing = 0;
		};
/* End PBXFrameworksBuildPhase section */

/* Begin PBXGroup section */
		C59F2C562726CE8C00A222EA = {
			isa = PBXGroup;
			children = (
				C59F2C612726CE8C00A222EA /* cat class 6 */,
				C59F2C602726CE8C00A222EA /* Products */,
			);
			sourceTree = "<group>";
		};
		C59F2C602726CE8C00A222EA /* Products */ = {
			isa = PBXGroup;
			children = (
				C59F2C5F2726CE8C00A222EA /* cat class 6.app */,
			);
			name = Products;
			sourceTree = "<group>";
		};
		C59F2C612726CE8C00A222EA /* cat class 6 */ = {
			isa = PBXGroup;
			children = (
				C59F2C622726CE8C00A222EA /* AppDelegate.swift */,
				C59F2C642726CE8C00A222EA /* SceneDelegate.swift */,
				C59F2C682726CE8C00A222EA /* Main.storyboard */,
				C59F2C922727F0CE00A222EA /* bennerCell.swift */,
				C59F2CA02727FA1200A222EA /* Reasturant.swift */,
				C59F2C932727F0CE00A222EA /* bennerCell.xib */,
				C59F2C962727F2A500A222EA /* Product.swift */,
				C59F2C972727F2A500A222EA /* Product.xib */,
				C59F2C6B2726CE8D00A222EA /* Assets.xcassets */,
				C59F2C6D2726CE8D00A222EA /* LaunchScreen.storyboard */,
				C59F2C702726CE8D00A222EA /* Info.plist */,
			);
			path = "cat class 6";
			sourceTree = "<group>";
		};
/* End PBXGroup section */

/* Begin PBXNativeTarget section */
		C59F2C5E2726CE8C00A222EA /* cat class 6 */ = {
			isa = PBXNativeTarget;
			buildConfigurationList = C59F2C892726CE8D00A222EA /* Build configuration list for PBXNativeTarget "cat class 6" */;
			buildPhases = (
				C59F2C5B2726CE8C00A222EA /* Sources */,
				C59F2C5C2726CE8C00A222EA /* Frameworks */,
				C59F2C5D2726CE8C00A222EA /* Resources */,
			);
			buildRules = (
			);
			dependencies = (
			);
			name = "cat class 6";
			productName = "cat class 6";
			productReference = C59F2C5F2726CE8C00A222EA /* cat class 6.app */;
			productType = "com.apple.product-type.application";
		};
/* End PBXNativeTarget section */

/* Begin PBXProject section */
		C59F2C572726CE8C00A222EA /* Project object */ = {
			isa = PBXProject;
			attributes = {
				BuildIndependentTargetsInParallel = 1;
				LastSwiftUpdateCheck = 1300;
				LastUpgradeCheck = 1300;
				TargetAttributes = {
					C59F2C5E2726CE8C00A222EA = {
						CreatedOnToolsVersion = 13.0;
					};
				};
			};
			buildConfigurationList = C59F2C5A2726CE8C00A222EA /* Build configuration list for PBXProject "cat class 6" */;
			compatibilityVersion = "Xcode 13.0";
			developmentRegion = en;
			hasScannedForEncodings = 0;
			knownRegions = (
				en,
				Base,
			);
			mainGroup = C59F2C562726CE8C00A222EA;
			productRefGroup = C59F2C602726CE8C00A222EA /* Products */;
			projectDirPath = "";
			projectRoot = "";
			targets = (
				C59F2C5E2726CE8C00A222EA /* cat class 6 */,
			);
		};
/* End PBXProject section */

/* Begin PBXResourcesBuildPhase section */
		C59F2C5D2726CE8C00A222EA /* Resources */ = {
			isa = PBXResourcesBuildPhase;
			buildActionMask = 2147483647;
			files = (
				C59F2C6F2726CE8D00A222EA /* LaunchScreen.storyboard in Resources */,
				C59F2C952727F0CE00A222EA /* bennerCell.xib in Resources */,
				C59F2C992727F2A500A222EA /* Product.xib in Resources */,
				C59F2C6C2726CE8D00A222EA /* Assets.xcassets in Resources */,
				C59F2C6A2726CE8C00A222EA /* Main.storyboard in Resources */,
			);
			runOnlyForDeploymentPostprocessing = 0;
		};
/* End PBXResourcesBuildPhase section */

/* Begin PBXSourcesBuildPhase section */
		C59F2C5B2726CE8C00A222EA /* Sources */ = {
			isa = PBXSourcesBuildPhase;
			buildActionMask = 2147483647;
			files = (
				C59F2C942727F0CE00A222EA /* bennerCell.swift in Sources */,
				C59F2CA12727FA1200A222EA /* Reasturant.swift in Sources */,
				C59F2C982727F2A500A222EA /* Product.swift in Sources */,
				C59F2C632726CE8C00A222EA /* AppDelegate.swift in Sources */,
				C59F2C652726CE8C00A222EA /* SceneDelegate.swift in Sources */,
			);
			runOnlyForDeploymentPostprocessing = 0;
		};
/* End PBXSourcesBuildPhase section */

/* Begin PBXVariantGroup section */
		C59F2C682726CE8C00A222EA /* Main.storyboard */ = {
			isa = PBXVariantGroup;
			children = (
				C59F2C692726CE8C00A222EA /* Base */,
			);
			name = Main.storyboard;
			sourceTree = "<group>";
		};
		C59F2C6D2726CE8D00A222EA /* LaunchScreen.storyboard */ = {
			isa = PBXVariantGroup;
			children = (
				C59F2C6E2726CE8D00A222EA /* Base */,
			);
			name = LaunchScreen.storyboard;
			sourceTree = "<group>";
		};
/* End PBXVariantGroup section */

/* Begin XCBuildConfiguration section */
		C59F2C872726CE8D00A222EA /* Debug */ = {
			isa = XCBuildConfiguration;
			buildSettings = {
				ALWAYS_SEARCH_USER_PATHS = NO;
				CLANG_ANALYZER_NONNULL = YES;
				CLANG_ANALYZER_NUMBER_OBJECT_CONVERSION = YES_AGGRESSIVE;
				CLANG_CXX_LANGUAGE_STANDARD = "gnu++17";
				CLANG_CXX_LIBRARY = "libc++";
				CLANG_ENABLE_MODULES = YES;
				CLANG_ENABLE_OBJC_ARC = YES;
				CLANG_ENABLE_OBJC_WEAK = YES;
				CLANG_WARN_BLOCK_CAPTURE_AUTORELEASING = YES;
				CLANG_WARN_BOOL_CONVERSION = YES;
				CLANG_WARN_COMMA = YES;
				CLANG_WARN_CONSTANT_CONVERSION = YES;
				CLANG_WARN_DEPRECATED_OBJC_IMPLEMENTATIONS = YES;
				CLANG_WARN_DIRECT_OBJC_ISA_USAGE = YES_ERROR;
				CLANG_WARN_DOCUMENTATION_COMMENTS = YES;
				CLANG_WARN_EMPTY_BODY = YES;
				CLANG_WARN_ENUM_CONVERSION = YES;
				CLANG_WARN_INFINITE_RECURSION = YES;
				CLANG_WARN_INT_CONVERSION = YES;
				CLANG_WARN_NON_LITERAL_NULL_CONVERSION = YES;
				CLANG_WARN_OBJC_IMPLICIT_RETAIN_SELF = YES;
				CLANG_WARN_OBJC_LITERAL_CONVERSION = YES;
				CLANG_WARN_OBJC_ROOT_CLASS = YES_ERROR;
				CLANG_WARN_QUOTED_INCLUDE_IN_FRAMEWORK_HEADER = YES;
				CLANG_WARN_RANGE_LOOP_ANALYSIS = YES;
				CLANG_WARN_STRICT_PROTOTYPES = YES;
				CLANG_WARN_SUSPICIOUS_MOVE = YES;
				CLANG_WARN_UNGUARDED_AVAILABILITY = YES_AGGRESSIVE;
				CLANG_WARN_UNREACHABLE_CODE = YES;
				CLANG_WARN__DUPLICATE_METHOD_MATCH = YES;
				COPY_PHASE_STRIP = NO;
				DEBUG_INFORMATION_FORMAT = dwarf;
				ENABLE_STRICT_OBJC_MSGSEND = YES;
				ENABLE_TESTABILITY = YES;
				GCC_C_LANGUAGE_STANDARD = gnu11;
				GCC_DYNAMIC_NO_PIC = NO;
				GCC_NO_COMMON_BLOCKS = YES;
				GCC_OPTIMIZATION_LEVEL = 0;
				GCC_PREPROCESSOR_DEFINITIONS = (
					"DEBUG=1",
					"$(inherited)",
				);
				GCC_WARN_64_TO_32_BIT_CONVERSION = YES;
				GCC_WARN_ABOUT_RETURN_TYPE = YES_ERROR;
				GCC_WARN_UNDECLARED_SELECTOR = YES;
				GCC_WARN_UNINITIALIZED_AUTOS = YES_AGGRESSIVE;
				GCC_WARN_UNUSED_FUNCTION = YES;
				GCC_WARN_UNUSED_VARIABLE = YES;
				IPHONEOS_DEPLOYMENT_TARGET = 15.0;
				MTL_ENABLE_DEBUG_INFO = INCLUDE_SOURCE;
				MTL_FAST_MATH = YES;
				ONLY_ACTIVE_ARCH = YES;
				SDKROOT = iphoneos;
				SWIFT_ACTIVE_COMPILATION_CONDITIONS = DEBUG;
				SWIFT_OPTIMIZATION_LEVEL = "-Onone";
			};
			name = Debug;
		};
		C59F2C882726CE8D00A222EA /* Release */ = {
			isa = XCBuildConfiguration;
			buildSettings = {
				ALWAYS_SEARCH_USER_PATHS = NO;
				CLANG_ANALYZER_NONNULL = YES;
				CLANG_ANALYZER_NUMBER_OBJECT_CONVERSION = YES_AGGRESSIVE;
				CLANG_CXX_LANGUAGE_STANDARD = "gnu++17";
				CLANG_CXX_LIBRARY = "libc++";
				CLANG_ENABLE_MODULES = YES;
				CLANG_ENABLE_OBJC_ARC = YES;
				CLANG_ENABLE_OBJC_WEAK = YES;
				CLANG_WARN_BLOCK_CAPTURE_AUTORELEASING = YES;
				CLANG_WARN_BOOL_CONVERSION = YES;
				CLANG_WARN_COMMA = YES;
				CLANG_WARN_CONSTANT_CONVERSION = YES;
				CLANG_WARN_DEPRECATED_OBJC_IMPLEMENTATIONS = YES;
				CLANG_WARN_DIRECT_OBJC_ISA_USAGE = YES_ERROR;
				CLANG_WARN_DOCUMENTATION_COMMENTS = YES;
				CLANG_WARN_EMPTY_BODY = YES;
				CLANG_WARN_ENUM_CONVERSION = YES;
				CLANG_WARN_INFINITE_RECURSION = YES;
				CLANG_WARN_INT_CONVERSION = YES;
				CLANG_WARN_NON_LITERAL_NULL_CONVERSION = YES;
				CLANG_WARN_OBJC_IMPLICIT_RETAIN_SELF = YES;
				CLANG_WARN_OBJC_LITERAL_CONVERSION = YES;
				CLANG_WARN_OBJC_ROOT_CLASS = YES_ERROR;
				CLANG_WARN_QUOTED_INCLUDE_IN_FRAMEWORK_HEADER = YES;
				CLANG_WARN_RANGE_LOOP_ANALYSIS = YES;
				CLANG_WARN_STRICT_PROTOTYPES = YES;
				CLANG_WARN_SUSPICIOUS_MOVE = YES;
				CLANG_WARN_UNGUARDED_AVAILABILITY = YES_AGGRESSIVE;
				CLANG_WARN_UNREACHABLE_CODE = YES;
				CLANG_WARN__DUPLICATE_METHOD_MATCH = YES;
				COPY_PHASE_STRIP = NO;
				DEBUG_INFORMATION_FORMAT = "dwarf-with-dsym";
				ENABLE_NS_ASSERTIONS = NO;
				ENABLE_STRICT_OBJC_MSGSEND = YES;
				GCC_C_LANGUAGE_STANDARD = gnu11;
				GCC_NO_COMMON_BLOCKS = YES;
				GCC_WARN_64_TO_32_BIT_CONVERSION = YES;
				GCC_WARN_ABOUT_RETURN_TYPE = YES_ERROR;
				GCC_WARN_UNDECLARED_SELECTOR = YES;
				GCC_WARN_UNINITIALIZED_AUTOS = YES_AGGRESSIVE;
				GCC_WARN_UNUSED_FUNCTION = YES;
				GCC_WARN_UNUSED_VARIABLE = YES;
				IPHONEOS_DEPLOYMENT_TARGET = 15.0;
				MTL_ENABLE_DEBUG_INFO = NO;
				MTL_FAST_MATH = YES;
				SDKROOT = iphoneos;
				SWIFT_COMPILATION_MODE = wholemodule;
				SWIFT_OPTIMIZATION_LEVEL = "-O";
				VALIDATE_PRODUCT = YES;
			};
			name = Release;
		};
		C59F2C8A2726CE8D00A222EA /* Debug */ = {
			isa = XCBuildConfiguration;
			buildSettings = {
				ASSETCATALOG_COMPILER_APPICON_NAME = AppIcon;
				ASSETCATALOG_COMPILER_GLOBAL_ACCENT_COLOR_NAME = AccentColor;
				CODE_SIGN_STYLE = Automatic;
				CURRENT_PROJECT_VERSION = 1;
				GENERATE_INFOPLIST_FILE = YES;
				INFOPLIST_FILE = "cat class 6/Info.plist";
				INFOPLIST_KEY_UIApplicationSupportsIndirectInputEvents = YES;
				INFOPLIST_KEY_UILaunchStoryboardName = LaunchScreen;
				INFOPLIST_KEY_UIMainStoryboardFile = Main;
				INFOPLIST_KEY_UISupportedInterfaceOrientations_iPad = "UIInterfaceOrientationPortrait UIInterfaceOrientationPortraitUpsideDown UIInterfaceOrientationLandscapeLeft UIInterfaceOrientationLandscapeRight";
				INFOPLIST_KEY_UISupportedInterfaceOrientations_iPhone = "UIInterfaceOrientationPortrait UIInterfaceOrientationLandscapeLeft UIInterfaceOrientationLandscapeRight";
				LD_RUNPATH_SEARCH_PATHS = (
					"$(inherited)",
					"@executable_path/Frameworks",
				);
				MARKETING_VERSION = 1.0;
				PRODUCT_BUNDLE_IDENTIFIER = "BO.cat-class-6";
				PRODUCT_NAME = "$(TARGET_NAME)";
				SWIFT_EMIT_LOC_STRINGS = YES;
				SWIFT_VERSION = 5.0;
				TARGETED_DEVICE_FAMILY = "1,2";
			};
			name = Debug;
		};
		C59F2C8B2726CE8D00A222EA /* Release */ = {
			isa = XCBuildConfiguration;
			buildSettings = {
				ASSETCATALOG_COMPILER_APPICON_NAME = AppIcon;
				ASSETCATALOG_COMPILER_GLOBAL_ACCENT_COLOR_NAME = AccentColor;
				CODE_SIGN_STYLE = Automatic;
				CURRENT_PROJECT_VERSION = 1;
				GENERATE_INFOPLIST_FILE = YES;
				INFOPLIST_FILE = "cat class 6/Info.plist";
				INFOPLIST_KEY_UIApplicationSupportsIndirectInputEvents = YES;
				INFOPLIST_KEY_UILaunchStoryboardName = LaunchScreen;
				INFOPLIST_KEY_UIMainStoryboardFile = Main;
				INFOPLIST_KEY_UISupportedInterfaceOrientations_iPad = "UIInterfaceOrientationPortrait UIInterfaceOrientationPortraitUpsideDown UIInterfaceOrientationLandscapeLeft UIInterfaceOrientationLandscapeRight";
				INFOPLIST_KEY_UISupportedInterfaceOrientations_iPhone = "UIInterfaceOrientationPortrait UIInterfaceOrientationLandscapeLeft UIInterfaceOrientationLandscapeRight";
				LD_RUNPATH_SEARCH_PATHS = (
					"$(inherited)",
					"@executable_path/Frameworks",
				);
				MARKETING_VERSION = 1.0;
				PRODUCT_BUNDLE_IDENTIFIER = "BO.cat-class-6";
				PRODUCT_NAME = "$(TARGET_NAME)";
				SWIFT_EMIT_LOC_STRINGS = YES;
				SWIFT_VERSION = 5.0;
				TARGETED_DEVICE_FAMILY = "1,2";
			};
			name = Release;
		};
/* End XCBuildConfiguration section */

/* Begin XCConfigurationList section */
		C59F2C5A2726CE8C00A222EA /* Build configuration list for PBXProject "cat class 6" */ = {
			isa = XCConfigurationList;
			buildConfigurations = (
				C59F2C872726CE8D00A222EA /* Debug */,
				C59F2C882726CE8D00A222EA /* Release */,
			);
			defaultConfigurationIsVisible = 0;
			defaultConfigurationName = Release;
		};
		C59F2C892726CE8D00A222EA /* Build configuration list for PBXNativeTarget "cat class 6" */ = {
			isa = XCConfigurationList;
			buildConfigurations = (
				C59F2C8A2726CE8D00A222EA /* Debug */,
				C59F2C8B2726CE8D00A222EA /* Release */,
			);
			defaultConfigurationIsVisible = 0;
			defaultConfigurationName = Release;
		};
/* End XCConfigurationList section */
	};
	rootObject = C59F2C572726CE8C00A222EA /* Project object */;
}
