// !$*UTF8*$!
{
	archiveVersion = 1;
	classes = {
	};
	objectVersion = 55;
	objects = {

/* Begin PBXBuildFile section */
		C335F57A27273E6600A8FEA7 /* AppDelegate.swift in Sources */ = {isa = PBXBuildFile; fileRef = C335F57927273E6600A8FEA7 /* AppDelegate.swift */; };
		C335F57C27273E6600A8FEA7 /* SceneDelegate.swift in Sources */ = {isa = PBXBuildFile; fileRef = C335F57B27273E6600A8FEA7 /* SceneDelegate.swift */; };
		C335F57E27273E6600A8FEA7 /* ViewController.swift in Sources */ = {isa = PBXBuildFile; fileRef = C335F57D27273E6600A8FEA7 /* ViewController.swift */; };
		C335F58127273E6600A8FEA7 /* Main.storyboard in Resources */ = {isa = PBXBuildFile; fileRef = C335F57F27273E6600A8FEA7 /* Main.storyboard */; };
		C335F58427273E6600A8FEA7 /* AlbaikHomework.xcdatamodeld in Sources */ = {isa = PBXBuildFile; fileRef = C335F58227273E6600A8FEA7 /* AlbaikHomework.xcdatamodeld */; };
		C335F58627273E6C00A8FEA7 /* Assets.xcassets in Resources */ = {isa = PBXBuildFile; fileRef = C335F58527273E6C00A8FEA7 /* Assets.xcassets */; };
		C335F58927273E6C00A8FEA7 /* LaunchScreen.storyboard in Resources */ = {isa = PBXBuildFile; fileRef = C335F58727273E6C00A8FEA7 /* LaunchScreen.storyboard */; };
		C335F5C32727F0B100A8FEA7 /* Cells.swift in Sources */ = {isa = PBXBuildFile; fileRef = C335F5C12727F0B100A8FEA7 /* Cells.swift */; };
		C335F5C42727F0B100A8FEA7 /* Cells.xib in Resources */ = {isa = PBXBuildFile; fileRef = C335F5C22727F0B100A8FEA7 /* Cells.xib */; };
		C335F5C72727F0CB00A8FEA7 /* Banner.swift in Sources */ = {isa = PBXBuildFile; fileRef = C335F5C52727F0CB00A8FEA7 /* Banner.swift */; };
		C335F5C82727F0CC00A8FEA7 /* Banner.xib in Resources */ = {isa = PBXBuildFile; fileRef = C335F5C62727F0CB00A8FEA7 /* Banner.xib */; };
		C335F5CA2727F8F500A8FEA7 /* TableView.swift in Sources */ = {isa = PBXBuildFile; fileRef = C335F5C92727F8F500A8FEA7 /* TableView.swift */; };
/* End PBXBuildFile section */

/* Begin PBXFileReference section */
		C335F57627273E6600A8FEA7 /* AlbaikHomework.app */ = {isa = PBXFileReference; explicitFileType = wrapper.application; includeInIndex = 0; path = AlbaikHomework.app; sourceTree = BUILT_PRODUCTS_DIR; };
		C335F57927273E6600A8FEA7 /* AppDelegate.swift */ = {isa = PBXFileReference; lastKnownFileType = sourcecode.swift; path = AppDelegate.swift; sourceTree = "<group>"; };
		C335F57B27273E6600A8FEA7 /* SceneDelegate.swift */ = {isa = PBXFileReference; lastKnownFileType = sourcecode.swift; path = SceneDelegate.swift; sourceTree = "<group>"; };
		C335F57D27273E6600A8FEA7 /* ViewController.swift */ = {isa = PBXFileReference; lastKnownFileType = sourcecode.swift; path = ViewController.swift; sourceTree = "<group>"; };
		C335F58027273E6600A8FEA7 /* Base */ = {isa = PBXFileReference; lastKnownFileType = file.storyboard; name = Base; path = Base.lproj/Main.storyboard; sourceTree = "<group>"; };
		C335F58327273E6600A8FEA7 /* AlbaikHomework.xcdatamodel */ = {isa = PBXFileReference; lastKnownFileType = wrapper.xcdatamodel; path = AlbaikHomework.xcdatamodel; sourceTree = "<group>"; };
		C335F58527273E6C00A8FEA7 /* Assets.xcassets */ = {isa = PBXFileReference; lastKnownFileType = folder.assetcatalog; path = Assets.xcassets; sourceTree = "<group>"; };
		C335F58827273E6C00A8FEA7 /* Base */ = {isa = PBXFileReference; lastKnownFileType = file.storyboard; name = Base; path = Base.lproj/LaunchScreen.storyboard; sourceTree = "<group>"; };
		C335F58A27273E6C00A8FEA7 /* Info.plist */ = {isa = PBXFileReference; lastKnownFileType = text.plist.xml; path = Info.plist; sourceTree = "<group>"; };
		C335F5C12727F0B100A8FEA7 /* Cells.swift */ = {isa = PBXFileReference; lastKnownFileType = sourcecode.swift; path = Cells.swift; sourceTree = "<group>"; };
		C335F5C22727F0B100A8FEA7 /* Cells.xib */ = {isa = PBXFileReference; lastKnownFileType = file.xib; path = Cells.xib; sourceTree = "<group>"; };
		C335F5C52727F0CB00A8FEA7 /* Banner.swift */ = {isa = PBXFileReference; lastKnownFileType = sourcecode.swift; path = Banner.swift; sourceTree = "<group>"; };
		C335F5C62727F0CB00A8FEA7 /* Banner.xib */ = {isa = PBXFileReference; lastKnownFileType = file.xib; path = Banner.xib; sourceTree = "<group>"; };
		C335F5C92727F8F500A8FEA7 /* TableView.swift */ = {isa = PBXFileReference; lastKnownFileType = sourcecode.swift; path = TableView.swift; sourceTree = "<group>"; };
/* End PBXFileReference section */

/* Begin PBXFrameworksBuildPhase section */
		C335F57327273E6600A8FEA7 /* Frameworks */ = {
			isa = PBXFrameworksBuildPhase;
			buildActionMask = 2147483647;
			files = (
			);
			runOnlyForDeploymentPostprocessing = 0;
		};
/* End PBXFrameworksBuildPhase section */

/* Begin PBXGroup section */
		C335F56D27273E6600A8FEA7 = {
			isa = PBXGroup;
			children = (
				C335F57827273E6600A8FEA7 /* AlbaikHomework */,
				C335F57727273E6600A8FEA7 /* Products */,
			);
			sourceTree = "<group>";
		};
		C335F57727273E6600A8FEA7 /* Products */ = {
			isa = PBXGroup;
			children = (
				C335F57627273E6600A8FEA7 /* AlbaikHomework.app */,
			);
			name = Products;
			sourceTree = "<group>";
		};
		C335F57827273E6600A8FEA7 /* AlbaikHomework */ = {
			isa = PBXGroup;
			children = (
				C335F57927273E6600A8FEA7 /* AppDelegate.swift */,
				C335F57B27273E6600A8FEA7 /* SceneDelegate.swift */,
				C335F57D27273E6600A8FEA7 /* ViewController.swift */,
				C335F57F27273E6600A8FEA7 /* Main.storyboard */,
				C335F58527273E6C00A8FEA7 /* Assets.xcassets */,
				C335F58727273E6C00A8FEA7 /* LaunchScreen.storyboard */,
				C335F58A27273E6C00A8FEA7 /* Info.plist */,
				C335F58227273E6600A8FEA7 /* AlbaikHomework.xcdatamodeld */,
				C335F5C12727F0B100A8FEA7 /* Cells.swift */,
				C335F5C22727F0B100A8FEA7 /* Cells.xib */,
				C335F5C52727F0CB00A8FEA7 /* Banner.swift */,
				C335F5C62727F0CB00A8FEA7 /* Banner.xib */,
				C335F5C92727F8F500A8FEA7 /* TableView.swift */,
			);
			path = AlbaikHomework;
			sourceTree = "<group>";
		};
/* End PBXGroup section */

/* Begin PBXNativeTarget section */
		C335F57527273E6600A8FEA7 /* AlbaikHomework */ = {
			isa = PBXNativeTarget;
			buildConfigurationList = C335F58D27273E6C00A8FEA7 /* Build configuration list for PBXNativeTarget "AlbaikHomework" */;
			buildPhases = (
				C335F57227273E6600A8FEA7 /* Sources */,
				C335F57327273E6600A8FEA7 /* Frameworks */,
				C335F57427273E6600A8FEA7 /* Resources */,
			);
			buildRules = (
			);
			dependencies = (
			);
			name = AlbaikHomework;
			productName = AlbaikHomework;
			productReference = C335F57627273E6600A8FEA7 /* AlbaikHomework.app */;
			productType = "com.apple.product-type.application";
		};
/* End PBXNativeTarget section */

/* Begin PBXProject section */
		C335F56E27273E6600A8FEA7 /* Project object */ = {
			isa = PBXProject;
			attributes = {
				BuildIndependentTargetsInParallel = 1;
				LastSwiftUpdateCheck = 1300;
				LastUpgradeCheck = 1300;
				TargetAttributes = {
					C335F57527273E6600A8FEA7 = {
						CreatedOnToolsVersion = 13.0;
					};
				};
			};
			buildConfigurationList = C335F57127273E6600A8FEA7 /* Build configuration list for PBXProject "AlbaikHomework" */;
			compatibilityVersion = "Xcode 13.0";
			developmentRegion = en;
			hasScannedForEncodings = 0;
			knownRegions = (
				en,
				Base,
			);
			mainGroup = C335F56D27273E6600A8FEA7;
			productRefGroup = C335F57727273E6600A8FEA7 /* Products */;
			projectDirPath = "";
			projectRoot = "";
			targets = (
				C335F57527273E6600A8FEA7 /* AlbaikHomework */,
			);
		};
/* End PBXProject section */

/* Begin PBXResourcesBuildPhase section */
		C335F57427273E6600A8FEA7 /* Resources */ = {
			isa = PBXResourcesBuildPhase;
			buildActionMask = 2147483647;
			files = (
				C335F58927273E6C00A8FEA7 /* LaunchScreen.storyboard in Resources */,
				C335F5C42727F0B100A8FEA7 /* Cells.xib in Resources */,
				C335F5C82727F0CC00A8FEA7 /* Banner.xib in Resources */,
				C335F58627273E6C00A8FEA7 /* Assets.xcassets in Resources */,
				C335F58127273E6600A8FEA7 /* Main.storyboard in Resources */,
			);
			runOnlyForDeploymentPostprocessing = 0;
		};
/* End PBXResourcesBuildPhase section */

/* Begin PBXSourcesBuildPhase section */
		C335F57227273E6600A8FEA7 /* Sources */ = {
			isa = PBXSourcesBuildPhase;
			buildActionMask = 2147483647;
			files = (
				C335F57E27273E6600A8FEA7 /* ViewController.swift in Sources */,
				C335F57A27273E6600A8FEA7 /* AppDelegate.swift in Sources */,
				C335F57C27273E6600A8FEA7 /* SceneDelegate.swift in Sources */,
				C335F5CA2727F8F500A8FEA7 /* TableView.swift in Sources */,
				C335F58427273E6600A8FEA7 /* AlbaikHomework.xcdatamodeld in Sources */,
				C335F5C32727F0B100A8FEA7 /* Cells.swift in Sources */,
				C335F5C72727F0CB00A8FEA7 /* Banner.swift in Sources */,
			);
			runOnlyForDeploymentPostprocessing = 0;
		};
/* End PBXSourcesBuildPhase section */

/* Begin PBXVariantGroup section */
		C335F57F27273E6600A8FEA7 /* Main.storyboard */ = {
			isa = PBXVariantGroup;
			children = (
				C335F58027273E6600A8FEA7 /* Base */,
			);
			name = Main.storyboard;
			sourceTree = "<group>";
		};
		C335F58727273E6C00A8FEA7 /* LaunchScreen.storyboard */ = {
			isa = PBXVariantGroup;
			children = (
				C335F58827273E6C00A8FEA7 /* Base */,
			);
			name = LaunchScreen.storyboard;
			sourceTree = "<group>";
		};
/* End PBXVariantGroup section */

/* Begin XCBuildConfiguration section */
		C335F58B27273E6C00A8FEA7 /* Debug */ = {
			isa = XCBuildConfiguration;
			buildSettings = {
				ALWAYS_SEARCH_USER_PATHS = NO;
				CLANG_ANALYZER_NONNULL = YES;
				CLANG_ANALYZER_NUMBER_OBJECT_CONVERSION = YES_AGGRESSIVE;
				CLANG_CXX_LANGUAGE_STANDARD = "gnu++17";
				CLANG_CXX_LIBRARY = "libc++";
				CLANG_ENABLE_MODULES = YES;
				CLANG_ENABLE_OBJC_ARC = YES;
				CLANG_ENABLE_OBJC_WEAK = YES;
				CLANG_WARN_BLOCK_CAPTURE_AUTORELEASING = YES;
				CLANG_WARN_BOOL_CONVERSION = YES;
				CLANG_WARN_COMMA = YES;
				CLANG_WARN_CONSTANT_CONVERSION = YES;
				CLANG_WARN_DEPRECATED_OBJC_IMPLEMENTATIONS = YES;
				CLANG_WARN_DIRECT_OBJC_ISA_USAGE = YES_ERROR;
				CLANG_WARN_DOCUMENTATION_COMMENTS = YES;
				CLANG_WARN_EMPTY_BODY = YES;
				CLANG_WARN_ENUM_CONVERSION = YES;
				CLANG_WARN_INFINITE_RECURSION = YES;
				CLANG_WARN_INT_CONVERSION = YES;
				CLANG_WARN_NON_LITERAL_NULL_CONVERSION = YES;
				CLANG_WARN_OBJC_IMPLICIT_RETAIN_SELF = YES;
				CLANG_WARN_OBJC_LITERAL_CONVERSION = YES;
				CLANG_WARN_OBJC_ROOT_CLASS = YES_ERROR;
				CLANG_WARN_QUOTED_INCLUDE_IN_FRAMEWORK_HEADER = YES;
				CLANG_WARN_RANGE_LOOP_ANALYSIS = YES;
				CLANG_WARN_STRICT_PROTOTYPES = YES;
				CLANG_WARN_SUSPICIOUS_MOVE = YES;
				CLANG_WARN_UNGUARDED_AVAILABILITY = YES_AGGRESSIVE;
				CLANG_WARN_UNREACHABLE_CODE = YES;
				CLANG_WARN__DUPLICATE_METHOD_MATCH = YES;
				COPY_PHASE_STRIP = NO;
				DEBUG_INFORMATION_FORMAT = dwarf;
				ENABLE_STRICT_OBJC_MSGSEND = YES;
				ENABLE_TESTABILITY = YES;
				GCC_C_LANGUAGE_STANDARD = gnu11;
				GCC_DYNAMIC_NO_PIC = NO;
				GCC_NO_COMMON_BLOCKS = YES;
				GCC_OPTIMIZATION_LEVEL = 0;
				GCC_PREPROCESSOR_DEFINITIONS = (
					"DEBUG=1",
					"$(inherited)",
				);
				GCC_WARN_64_TO_32_BIT_CONVERSION = YES;
				GCC_WARN_ABOUT_RETURN_TYPE = YES_ERROR;
				GCC_WARN_UNDECLARED_SELECTOR = YES;
				GCC_WARN_UNINITIALIZED_AUTOS = YES_AGGRESSIVE;
				GCC_WARN_UNUSED_FUNCTION = YES;
				GCC_WARN_UNUSED_VARIABLE = YES;
				IPHONEOS_DEPLOYMENT_TARGET = 15.0;
				MTL_ENABLE_DEBUG_INFO = INCLUDE_SOURCE;
				MTL_FAST_MATH = YES;
				ONLY_ACTIVE_ARCH = YES;
				SDKROOT = iphoneos;
				SWIFT_ACTIVE_COMPILATION_CONDITIONS = DEBUG;
				SWIFT_OPTIMIZATION_LEVEL = "-Onone";
			};
			name = Debug;
		};
		C335F58C27273E6C00A8FEA7 /* Release */ = {
			isa = XCBuildConfiguration;
			buildSettings = {
				ALWAYS_SEARCH_USER_PATHS = NO;
				CLANG_ANALYZER_NONNULL = YES;
				CLANG_ANALYZER_NUMBER_OBJECT_CONVERSION = YES_AGGRESSIVE;
				CLANG_CXX_LANGUAGE_STANDARD = "gnu++17";
				CLANG_CXX_LIBRARY = "libc++";
				CLANG_ENABLE_MODULES = YES;
				CLANG_ENABLE_OBJC_ARC = YES;
				CLANG_ENABLE_OBJC_WEAK = YES;
				CLANG_WARN_BLOCK_CAPTURE_AUTORELEASING = YES;
				CLANG_WARN_BOOL_CONVERSION = YES;
				CLANG_WARN_COMMA = YES;
				CLANG_WARN_CONSTANT_CONVERSION = YES;
				CLANG_WARN_DEPRECATED_OBJC_IMPLEMENTATIONS = YES;
				CLANG_WARN_DIRECT_OBJC_ISA_USAGE = YES_ERROR;
				CLANG_WARN_DOCUMENTATION_COMMENTS = YES;
				CLANG_WARN_EMPTY_BODY = YES;
				CLANG_WARN_ENUM_CONVERSION = YES;
				CLANG_WARN_INFINITE_RECURSION = YES;
				CLANG_WARN_INT_CONVERSION = YES;
				CLANG_WARN_NON_LITERAL_NULL_CONVERSION = YES;
				CLANG_WARN_OBJC_IMPLICIT_RETAIN_SELF = YES;
				CLANG_WARN_OBJC_LITERAL_CONVERSION = YES;
				CLANG_WARN_OBJC_ROOT_CLASS = YES_ERROR;
				CLANG_WARN_QUOTED_INCLUDE_IN_FRAMEWORK_HEADER = YES;
				CLANG_WARN_RANGE_LOOP_ANALYSIS = YES;
				CLANG_WARN_STRICT_PROTOTYPES = YES;
				CLANG_WARN_SUSPICIOUS_MOVE = YES;
				CLANG_WARN_UNGUARDED_AVAILABILITY = YES_AGGRESSIVE;
				CLANG_WARN_UNREACHABLE_CODE = YES;
				CLANG_WARN__DUPLICATE_METHOD_MATCH = YES;
				COPY_PHASE_STRIP = NO;
				DEBUG_INFORMATION_FORMAT = "dwarf-with-dsym";
				ENABLE_NS_ASSERTIONS = NO;
				ENABLE_STRICT_OBJC_MSGSEND = YES;
				GCC_C_LANGUAGE_STANDARD = gnu11;
				GCC_NO_COMMON_BLOCKS = YES;
				GCC_WARN_64_TO_32_BIT_CONVERSION = YES;
				GCC_WARN_ABOUT_RETURN_TYPE = YES_ERROR;
				GCC_WARN_UNDECLARED_SELECTOR = YES;
				GCC_WARN_UNINITIALIZED_AUTOS = YES_AGGRESSIVE;
				GCC_WARN_UNUSED_FUNCTION = YES;
				GCC_WARN_UNUSED_VARIABLE = YES;
				IPHONEOS_DEPLOYMENT_TARGET = 15.0;
				MTL_ENABLE_DEBUG_INFO = NO;
				MTL_FAST_MATH = YES;
				SDKROOT = iphoneos;
				SWIFT_COMPILATION_MODE = wholemodule;
				SWIFT_OPTIMIZATION_LEVEL = "-O";
				VALIDATE_PRODUCT = YES;
			};
			name = Release;
		};
		C335F58E27273E6C00A8FEA7 /* Debug */ = {
			isa = XCBuildConfiguration;
			buildSettings = {
				ASSETCATALOG_COMPILER_APPICON_NAME = AppIcon;
				ASSETCATALOG_COMPILER_GLOBAL_ACCENT_COLOR_NAME = AccentColor;
				CODE_SIGN_STYLE = Automatic;
				CURRENT_PROJECT_VERSION = 1;
				GENERATE_INFOPLIST_FILE = YES;
				INFOPLIST_FILE = AlbaikHomework/Info.plist;
				INFOPLIST_KEY_UIApplicationSupportsIndirectInputEvents = YES;
				INFOPLIST_KEY_UILaunchStoryboardName = LaunchScreen;
				INFOPLIST_KEY_UIMainStoryboardFile = Main;
				INFOPLIST_KEY_UISupportedInterfaceOrientations_iPad = "UIInterfaceOrientationPortrait UIInterfaceOrientationPortraitUpsideDown UIInterfaceOrientationLandscapeLeft UIInterfaceOrientationLandscapeRight";
				INFOPLIST_KEY_UISupportedInterfaceOrientations_iPhone = "UIInterfaceOrientationPortrait UIInterfaceOrientationLandscapeLeft UIInterfaceOrientationLandscapeRight";
				LD_RUNPATH_SEARCH_PATHS = (
					"$(inherited)",
					"@executable_path/Frameworks",
				);
				MARKETING_VERSION = 1.0;
				PRODUCT_BUNDLE_IDENTIFIER = com.google.AlbaikHomework;
				PRODUCT_NAME = "$(TARGET_NAME)";
				SWIFT_EMIT_LOC_STRINGS = YES;
				SWIFT_VERSION = 5.0;
				TARGETED_DEVICE_FAMILY = "1,2";
			};
			name = Debug;
		};
		C335F58F27273E6C00A8FEA7 /* Release */ = {
			isa = XCBuildConfiguration;
			buildSettings = {
				ASSETCATALOG_COMPILER_APPICON_NAME = AppIcon;
				ASSETCATALOG_COMPILER_GLOBAL_ACCENT_COLOR_NAME = AccentColor;
				CODE_SIGN_STYLE = Automatic;
				CURRENT_PROJECT_VERSION = 1;
				GENERATE_INFOPLIST_FILE = YES;
				INFOPLIST_FILE = AlbaikHomework/Info.plist;
				INFOPLIST_KEY_UIApplicationSupportsIndirectInputEvents = YES;
				INFOPLIST_KEY_UILaunchStoryboardName = LaunchScreen;
				INFOPLIST_KEY_UIMainStoryboardFile = Main;
				INFOPLIST_KEY_UISupportedInterfaceOrientations_iPad = "UIInterfaceOrientationPortrait UIInterfaceOrientationPortraitUpsideDown UIInterfaceOrientationLandscapeLeft UIInterfaceOrientationLandscapeRight";
				INFOPLIST_KEY_UISupportedInterfaceOrientations_iPhone = "UIInterfaceOrientationPortrait UIInterfaceOrientationLandscapeLeft UIInterfaceOrientationLandscapeRight";
				LD_RUNPATH_SEARCH_PATHS = (
					"$(inherited)",
					"@executable_path/Frameworks",
				);
				MARKETING_VERSION = 1.0;
				PRODUCT_BUNDLE_IDENTIFIER = com.google.AlbaikHomework;
				PRODUCT_NAME = "$(TARGET_NAME)";
				SWIFT_EMIT_LOC_STRINGS = YES;
				SWIFT_VERSION = 5.0;
				TARGETED_DEVICE_FAMILY = "1,2";
			};
			name = Release;
		};
/* End XCBuildConfiguration section */

/* Begin XCConfigurationList section */
		C335F57127273E6600A8FEA7 /* Build configuration list for PBXProject "AlbaikHomework" */ = {
			isa = XCConfigurationList;
			buildConfigurations = (
				C335F58B27273E6C00A8FEA7 /* Debug */,
				C335F58C27273E6C00A8FEA7 /* Release */,
			);
			defaultConfigurationIsVisible = 0;
			defaultConfigurationName = Release;
		};
		C335F58D27273E6C00A8FEA7 /* Build configuration list for PBXNativeTarget "AlbaikHomework" */ = {
			isa = XCConfigurationList;
			buildConfigurations = (
				C335F58E27273E6C00A8FEA7 /* Debug */,
				C335F58F27273E6C00A8FEA7 /* Release */,
			);
			defaultConfigurationIsVisible = 0;
			defaultConfigurationName = Release;
		};
/* End XCConfigurationList section */

/* Begin XCVersionGroup section */
		C335F58227273E6600A8FEA7 /* AlbaikHomework.xcdatamodeld */ = {
			isa = XCVersionGroup;
			children = (
				C335F58327273E6600A8FEA7 /* AlbaikHomework.xcdatamodel */,
			);
			currentVersion = C335F58327273E6600A8FEA7 /* AlbaikHomework.xcdatamodel */;
			path = AlbaikHomework.xcdatamodeld;
			sourceTree = "<group>";
			versionGroupType = wrapper.xcdatamodel;
		};
/* End XCVersionGroup section */
	};
	rootObject = C335F56E27273E6600A8FEA7 /* Project object */;
}
